// !$*UTF8*$!
{
	archiveVersion = 1;
	classes = {
	};
	objectVersion = 56;
	objects = {

/* Begin PBXBuildFile section */
		4515FA4B293F9A0F00A44C5E /* AppDelegate.swift in Sources */ = {isa = PBXBuildFile; fileRef = 4515FA4A293F9A0F00A44C5E /* AppDelegate.swift */; };
		4515FA4D293F9A0F00A44C5E /* SceneDelegate.swift in Sources */ = {isa = PBXBuildFile; fileRef = 4515FA4C293F9A0F00A44C5E /* SceneDelegate.swift */; };
		4515FA4F293F9A0F00A44C5E /* ViewController.swift in Sources */ = {isa = PBXBuildFile; fileRef = 4515FA4E293F9A0F00A44C5E /* ViewController.swift */; };
		4515FA55293F9A0F00A44C5E /* TheWeatherOutside.xcdatamodeld in Sources */ = {isa = PBXBuildFile; fileRef = 4515FA53293F9A0F00A44C5E /* TheWeatherOutside.xcdatamodeld */; };
		4515FA57293F9A1000A44C5E /* Assets.xcassets in Resources */ = {isa = PBXBuildFile; fileRef = 4515FA56293F9A1000A44C5E /* Assets.xcassets */; };
		4515FA5A293F9A1000A44C5E /* LaunchScreen.storyboard in Resources */ = {isa = PBXBuildFile; fileRef = 4515FA58293F9A1000A44C5E /* LaunchScreen.storyboard */; };
		4C12B2422962EB7200887469 /* WindDirectionManager.swift in Sources */ = {isa = PBXBuildFile; fileRef = 4C12B2412962EB7200887469 /* WindDirectionManager.swift */; };
		4C12B2462962F21000887469 /* Localizable.strings in Resources */ = {isa = PBXBuildFile; fileRef = 4C12B2482962F21000887469 /* Localizable.strings */; };
		4C12B24B2962F37700887469 /* String+Extension.swift in Sources */ = {isa = PBXBuildFile; fileRef = 4C12B24A2962F37700887469 /* String+Extension.swift */; };
		4CF2AD7E295F375A003DC0F3 /* Alamofire in Frameworks */ = {isa = PBXBuildFile; productRef = 4CF2AD7D295F375A003DC0F3 /* Alamofire */; };
		4CF2AD80295F38FE003DC0F3 /* ForecastApiManager.swift in Sources */ = {isa = PBXBuildFile; fileRef = 4CF2AD7F295F38FE003DC0F3 /* ForecastApiManager.swift */; };
		4CF2AD82295F3BCC003DC0F3 /* ForecastResponse.swift in Sources */ = {isa = PBXBuildFile; fileRef = 4CF2AD81295F3BCC003DC0F3 /* ForecastResponse.swift */; };
		4CF2AD84295F58FD003DC0F3 /* DateManager.swift in Sources */ = {isa = PBXBuildFile; fileRef = 4CF2AD83295F58FD003DC0F3 /* DateManager.swift */; };
		4CF2AD89295F7AEF003DC0F3 /* GeoCodeApiManager.swift in Sources */ = {isa = PBXBuildFile; fileRef = 4CF2AD88295F7AEF003DC0F3 /* GeoCodeApiManager.swift */; };
		4CF2AD8B295F7D82003DC0F3 /* GeoCodeResponse.swift in Sources */ = {isa = PBXBuildFile; fileRef = 4CF2AD8A295F7D82003DC0F3 /* GeoCodeResponse.swift */; };
		4CF2AD8F2962DE0D003DC0F3 /* CoreDataManager.swift in Sources */ = {isa = PBXBuildFile; fileRef = 4CF2AD8E2962DE0D003DC0F3 /* CoreDataManager.swift */; };
/* End PBXBuildFile section */

/* Begin PBXFileReference section */
		4515FA47293F9A0F00A44C5E /* WeatherWise.app */ = {isa = PBXFileReference; explicitFileType = wrapper.application; includeInIndex = 0; path = WeatherWise.app; sourceTree = BUILT_PRODUCTS_DIR; };
		4515FA4A293F9A0F00A44C5E /* AppDelegate.swift */ = {isa = PBXFileReference; lastKnownFileType = sourcecode.swift; path = AppDelegate.swift; sourceTree = "<group>"; };
		4515FA4C293F9A0F00A44C5E /* SceneDelegate.swift */ = {isa = PBXFileReference; lastKnownFileType = sourcecode.swift; path = SceneDelegate.swift; sourceTree = "<group>"; };
		4515FA4E293F9A0F00A44C5E /* ViewController.swift */ = {isa = PBXFileReference; lastKnownFileType = sourcecode.swift; path = ViewController.swift; sourceTree = "<group>"; };
		4515FA54293F9A0F00A44C5E /* TheWeatherOutside.xcdatamodel */ = {isa = PBXFileReference; lastKnownFileType = wrapper.xcdatamodel; path = TheWeatherOutside.xcdatamodel; sourceTree = "<group>"; };
		4515FA56293F9A1000A44C5E /* Assets.xcassets */ = {isa = PBXFileReference; lastKnownFileType = folder.assetcatalog; path = Assets.xcassets; sourceTree = "<group>"; };
		4515FA59293F9A1000A44C5E /* Base */ = {isa = PBXFileReference; lastKnownFileType = file.storyboard; name = Base; path = Base.lproj/LaunchScreen.storyboard; sourceTree = "<group>"; };
		4515FA5B293F9A1000A44C5E /* Info.plist */ = {isa = PBXFileReference; lastKnownFileType = text.plist.xml; path = Info.plist; sourceTree = "<group>"; };
		4C12B2412962EB7200887469 /* WindDirectionManager.swift */ = {isa = PBXFileReference; lastKnownFileType = sourcecode.swift; path = WindDirectionManager.swift; sourceTree = "<group>"; };
		4C12B2452962F1EB00887469 /* ru */ = {isa = PBXFileReference; lastKnownFileType = text.plist.strings; name = ru; path = ru.lproj/LaunchScreen.strings; sourceTree = "<group>"; };
		4C12B2472962F21000887469 /* en */ = {isa = PBXFileReference; lastKnownFileType = text.plist.strings; name = en; path = en.lproj/Localizable.strings; sourceTree = "<group>"; };
		4C12B2492962F21300887469 /* ru */ = {isa = PBXFileReference; lastKnownFileType = text.plist.strings; name = ru; path = ru.lproj/Localizable.strings; sourceTree = "<group>"; };
		4C12B24A2962F37700887469 /* String+Extension.swift */ = {isa = PBXFileReference; lastKnownFileType = sourcecode.swift; path = "String+Extension.swift"; sourceTree = "<group>"; };
		4CF2AD7F295F38FE003DC0F3 /* ForecastApiManager.swift */ = {isa = PBXFileReference; lastKnownFileType = sourcecode.swift; path = ForecastApiManager.swift; sourceTree = "<group>"; };
		4CF2AD81295F3BCC003DC0F3 /* ForecastResponse.swift */ = {isa = PBXFileReference; lastKnownFileType = sourcecode.swift; path = ForecastResponse.swift; sourceTree = "<group>"; };
		4CF2AD83295F58FD003DC0F3 /* DateManager.swift */ = {isa = PBXFileReference; lastKnownFileType = sourcecode.swift; path = DateManager.swift; sourceTree = "<group>"; };
		4CF2AD88295F7AEF003DC0F3 /* GeoCodeApiManager.swift */ = {isa = PBXFileReference; lastKnownFileType = sourcecode.swift; path = GeoCodeApiManager.swift; sourceTree = "<group>"; };
		4CF2AD8A295F7D82003DC0F3 /* GeoCodeResponse.swift */ = {isa = PBXFileReference; lastKnownFileType = sourcecode.swift; path = GeoCodeResponse.swift; sourceTree = "<group>"; };
		4CF2AD8E2962DE0D003DC0F3 /* CoreDataManager.swift */ = {isa = PBXFileReference; lastKnownFileType = sourcecode.swift; path = CoreDataManager.swift; sourceTree = "<group>"; };
/* End PBXFileReference section */

/* Begin PBXFrameworksBuildPhase section */
		4515FA44293F9A0F00A44C5E /* Frameworks */ = {
			isa = PBXFrameworksBuildPhase;
			buildActionMask = 2147483647;
			files = (
				4CF2AD7E295F375A003DC0F3 /* Alamofire in Frameworks */,
			);
			runOnlyForDeploymentPostprocessing = 0;
		};
/* End PBXFrameworksBuildPhase section */

/* Begin PBXGroup section */
		4515FA3E293F9A0F00A44C5E = {
			isa = PBXGroup;
			children = (
				4515FA49293F9A0F00A44C5E /* TheWeatherOutside */,
				4515FA48293F9A0F00A44C5E /* Products */,
			);
			sourceTree = "<group>";
		};
		4515FA48293F9A0F00A44C5E /* Products */ = {
			isa = PBXGroup;
			children = (
				4515FA47293F9A0F00A44C5E /* WeatherWise.app */,
			);
			name = Products;
			sourceTree = "<group>";
		};
		4515FA49293F9A0F00A44C5E /* TheWeatherOutside */ = {
			isa = PBXGroup;
			children = (
				4CF2AD8D2962CCB1003DC0F3 /* Helpers */,
				4CF2AD8C2962CC9C003DC0F3 /* CoreData */,
				4CF2AD7B295F2F7D003DC0F3 /* Network */,
				4515FA4A293F9A0F00A44C5E /* AppDelegate.swift */,
				4515FA4C293F9A0F00A44C5E /* SceneDelegate.swift */,
				4515FA4E293F9A0F00A44C5E /* ViewController.swift */,
				4515FA56293F9A1000A44C5E /* Assets.xcassets */,
				4515FA58293F9A1000A44C5E /* LaunchScreen.storyboard */,
				4515FA5B293F9A1000A44C5E /* Info.plist */,
				4C12B2482962F21000887469 /* Localizable.strings */,
			);
			path = TheWeatherOutside;
			sourceTree = "<group>";
		};
		4CF2AD7B295F2F7D003DC0F3 /* Network */ = {
			isa = PBXGroup;
			children = (
				4CF2AD7F295F38FE003DC0F3 /* ForecastApiManager.swift */,
				4CF2AD88295F7AEF003DC0F3 /* GeoCodeApiManager.swift */,
				4CF2AD87295F6800003DC0F3 /* Response */,
			);
			path = Network;
			sourceTree = "<group>";
		};
		4CF2AD87295F6800003DC0F3 /* Response */ = {
			isa = PBXGroup;
			children = (
				4CF2AD81295F3BCC003DC0F3 /* ForecastResponse.swift */,
				4CF2AD8A295F7D82003DC0F3 /* GeoCodeResponse.swift */,
			);
			path = Response;
			sourceTree = "<group>";
		};
		4CF2AD8C2962CC9C003DC0F3 /* CoreData */ = {
			isa = PBXGroup;
			children = (
				4CF2AD8E2962DE0D003DC0F3 /* CoreDataManager.swift */,
				4515FA53293F9A0F00A44C5E /* TheWeatherOutside.xcdatamodeld */,
			);
			path = CoreData;
			sourceTree = "<group>";
		};
		4CF2AD8D2962CCB1003DC0F3 /* Helpers */ = {
			isa = PBXGroup;
			children = (
				4CF2AD83295F58FD003DC0F3 /* DateManager.swift */,
				4C12B2412962EB7200887469 /* WindDirectionManager.swift */,
				4C12B24A2962F37700887469 /* String+Extension.swift */,
			);
			path = Helpers;
			sourceTree = "<group>";
		};
/* End PBXGroup section */

/* Begin PBXNativeTarget section */
		4515FA46293F9A0F00A44C5E /* WeatherWise */ = {
			isa = PBXNativeTarget;
			buildConfigurationList = 4515FA5E293F9A1000A44C5E /* Build configuration list for PBXNativeTarget "WeatherWise" */;
			buildPhases = (
				4515FA43293F9A0F00A44C5E /* Sources */,
				4515FA44293F9A0F00A44C5E /* Frameworks */,
				4515FA45293F9A0F00A44C5E /* Resources */,
			);
			buildRules = (
			);
			dependencies = (
			);
			name = WeatherWise;
			packageProductDependencies = (
				4CF2AD7D295F375A003DC0F3 /* Alamofire */,
			);
			productName = TheWeatherOutside;
			productReference = 4515FA47293F9A0F00A44C5E /* WeatherWise.app */;
			productType = "com.apple.product-type.application";
		};
/* End PBXNativeTarget section */

/* Begin PBXProject section */
		4515FA3F293F9A0F00A44C5E /* Project object */ = {
			isa = PBXProject;
			attributes = {
				BuildIndependentTargetsInParallel = 1;
				LastSwiftUpdateCheck = 1400;
				LastUpgradeCheck = 1400;
				TargetAttributes = {
					4515FA46293F9A0F00A44C5E = {
						CreatedOnToolsVersion = 14.0.1;
					};
				};
			};
			buildConfigurationList = 4515FA42293F9A0F00A44C5E /* Build configuration list for PBXProject "WeatherWise" */;
			compatibilityVersion = "Xcode 14.0";
			developmentRegion = en;
			hasScannedForEncodings = 0;
			knownRegions = (
				en,
				Base,
				ru,
			);
			mainGroup = 4515FA3E293F9A0F00A44C5E;
			packageReferences = (
				4CF2AD7C295F375A003DC0F3 /* XCRemoteSwiftPackageReference "Alamofire" */,
			);
			productRefGroup = 4515FA48293F9A0F00A44C5E /* Products */;
			projectDirPath = "";
			projectRoot = "";
			targets = (
				4515FA46293F9A0F00A44C5E /* WeatherWise */,
			);
		};
/* End PBXProject section */

/* Begin PBXResourcesBuildPhase section */
		4515FA45293F9A0F00A44C5E /* Resources */ = {
			isa = PBXResourcesBuildPhase;
			buildActionMask = 2147483647;
			files = (
				4515FA5A293F9A1000A44C5E /* LaunchScreen.storyboard in Resources */,
				4C12B2462962F21000887469 /* Localizable.strings in Resources */,
				4515FA57293F9A1000A44C5E /* Assets.xcassets in Resources */,
			);
			runOnlyForDeploymentPostprocessing = 0;
		};
/* End PBXResourcesBuildPhase section */

/* Begin PBXSourcesBuildPhase section */
		4515FA43293F9A0F00A44C5E /* Sources */ = {
			isa = PBXSourcesBuildPhase;
			buildActionMask = 2147483647;
			files = (
				4CF2AD89295F7AEF003DC0F3 /* GeoCodeApiManager.swift in Sources */,
				4CF2AD84295F58FD003DC0F3 /* DateManager.swift in Sources */,
				4515FA55293F9A0F00A44C5E /* TheWeatherOutside.xcdatamodeld in Sources */,
				4515FA4F293F9A0F00A44C5E /* ViewController.swift in Sources */,
				4C12B24B2962F37700887469 /* String+Extension.swift in Sources */,
				4CF2AD8B295F7D82003DC0F3 /* GeoCodeResponse.swift in Sources */,
				4CF2AD80295F38FE003DC0F3 /* ForecastApiManager.swift in Sources */,
				4C12B2422962EB7200887469 /* WindDirectionManager.swift in Sources */,
				4515FA4B293F9A0F00A44C5E /* AppDelegate.swift in Sources */,
				4CF2AD82295F3BCC003DC0F3 /* ForecastResponse.swift in Sources */,
				4CF2AD8F2962DE0D003DC0F3 /* CoreDataManager.swift in Sources */,
				4515FA4D293F9A0F00A44C5E /* SceneDelegate.swift in Sources */,
			);
			runOnlyForDeploymentPostprocessing = 0;
		};
/* End PBXSourcesBuildPhase section */

/* Begin PBXVariantGroup section */
		4515FA58293F9A1000A44C5E /* LaunchScreen.storyboard */ = {
			isa = PBXVariantGroup;
			children = (
				4515FA59293F9A1000A44C5E /* Base */,
				4C12B2452962F1EB00887469 /* ru */,
			);
			name = LaunchScreen.storyboard;
			sourceTree = "<group>";
		};
		4C12B2482962F21000887469 /* Localizable.strings */ = {
			isa = PBXVariantGroup;
			children = (
				4C12B2472962F21000887469 /* en */,
				4C12B2492962F21300887469 /* ru */,
			);
			name = Localizable.strings;
			sourceTree = "<group>";
		};
/* End PBXVariantGroup section */

/* Begin XCBuildConfiguration section */
		4515FA5C293F9A1000A44C5E /* Debug */ = {
			isa = XCBuildConfiguration;
			buildSettings = {
				ALWAYS_SEARCH_USER_PATHS = NO;
				CLANG_ANALYZER_LOCALIZABILITY_NONLOCALIZED = YES;
				CLANG_ANALYZER_NONNULL = YES;
				CLANG_ANALYZER_NUMBER_OBJECT_CONVERSION = YES_AGGRESSIVE;
				CLANG_CXX_LANGUAGE_STANDARD = "gnu++20";
				CLANG_ENABLE_MODULES = YES;
				CLANG_ENABLE_OBJC_ARC = YES;
				CLANG_ENABLE_OBJC_WEAK = YES;
				CLANG_WARN_BLOCK_CAPTURE_AUTORELEASING = YES;
				CLANG_WARN_BOOL_CONVERSION = YES;
				CLANG_WARN_COMMA = YES;
				CLANG_WARN_CONSTANT_CONVERSION = YES;
				CLANG_WARN_DEPRECATED_OBJC_IMPLEMENTATIONS = YES;
				CLANG_WARN_DIRECT_OBJC_ISA_USAGE = YES_ERROR;
				CLANG_WARN_DOCUMENTATION_COMMENTS = YES;
				CLANG_WARN_EMPTY_BODY = YES;
				CLANG_WARN_ENUM_CONVERSION = YES;
				CLANG_WARN_INFINITE_RECURSION = YES;
				CLANG_WARN_INT_CONVERSION = YES;
				CLANG_WARN_NON_LITERAL_NULL_CONVERSION = YES;
				CLANG_WARN_OBJC_IMPLICIT_RETAIN_SELF = YES;
				CLANG_WARN_OBJC_LITERAL_CONVERSION = YES;
				CLANG_WARN_OBJC_ROOT_CLASS = YES_ERROR;
				CLANG_WARN_QUOTED_INCLUDE_IN_FRAMEWORK_HEADER = YES;
				CLANG_WARN_RANGE_LOOP_ANALYSIS = YES;
				CLANG_WARN_STRICT_PROTOTYPES = YES;
				CLANG_WARN_SUSPICIOUS_MOVE = YES;
				CLANG_WARN_UNGUARDED_AVAILABILITY = YES_AGGRESSIVE;
				CLANG_WARN_UNREACHABLE_CODE = YES;
				CLANG_WARN__DUPLICATE_METHOD_MATCH = YES;
				COPY_PHASE_STRIP = NO;
				DEBUG_INFORMATION_FORMAT = dwarf;
				ENABLE_STRICT_OBJC_MSGSEND = YES;
				ENABLE_TESTABILITY = YES;
				GCC_C_LANGUAGE_STANDARD = gnu11;
				GCC_DYNAMIC_NO_PIC = NO;
				GCC_NO_COMMON_BLOCKS = YES;
				GCC_OPTIMIZATION_LEVEL = 0;
				GCC_PREPROCESSOR_DEFINITIONS = (
					"DEBUG=1",
					"$(inherited)",
				);
				GCC_WARN_64_TO_32_BIT_CONVERSION = YES;
				GCC_WARN_ABOUT_RETURN_TYPE = YES_ERROR;
				GCC_WARN_UNDECLARED_SELECTOR = YES;
				GCC_WARN_UNINITIALIZED_AUTOS = YES_AGGRESSIVE;
				GCC_WARN_UNUSED_FUNCTION = YES;
				GCC_WARN_UNUSED_VARIABLE = YES;
				IPHONEOS_DEPLOYMENT_TARGET = 16.0;
				MTL_ENABLE_DEBUG_INFO = INCLUDE_SOURCE;
				MTL_FAST_MATH = YES;
				ONLY_ACTIVE_ARCH = YES;
				SDKROOT = iphoneos;
				SWIFT_ACTIVE_COMPILATION_CONDITIONS = DEBUG;
				SWIFT_OPTIMIZATION_LEVEL = "-Onone";
			};
			name = Debug;
		};
		4515FA5D293F9A1000A44C5E /* Release */ = {
			isa = XCBuildConfiguration;
			buildSettings = {
				ALWAYS_SEARCH_USER_PATHS = NO;
				CLANG_ANALYZER_LOCALIZABILITY_NONLOCALIZED = YES;
				CLANG_ANALYZER_NONNULL = YES;
				CLANG_ANALYZER_NUMBER_OBJECT_CONVERSION = YES_AGGRESSIVE;
				CLANG_CXX_LANGUAGE_STANDARD = "gnu++20";
				CLANG_ENABLE_MODULES = YES;
				CLANG_ENABLE_OBJC_ARC = YES;
				CLANG_ENABLE_OBJC_WEAK = YES;
				CLANG_WARN_BLOCK_CAPTURE_AUTORELEASING = YES;
				CLANG_WARN_BOOL_CONVERSION = YES;
				CLANG_WARN_COMMA = YES;
				CLANG_WARN_CONSTANT_CONVERSION = YES;
				CLANG_WARN_DEPRECATED_OBJC_IMPLEMENTATIONS = YES;
				CLANG_WARN_DIRECT_OBJC_ISA_USAGE = YES_ERROR;
				CLANG_WARN_DOCUMENTATION_COMMENTS = YES;
				CLANG_WARN_EMPTY_BODY = YES;
				CLANG_WARN_ENUM_CONVERSION = YES;
				CLANG_WARN_INFINITE_RECURSION = YES;
				CLANG_WARN_INT_CONVERSION = YES;
				CLANG_WARN_NON_LITERAL_NULL_CONVERSION = YES;
				CLANG_WARN_OBJC_IMPLICIT_RETAIN_SELF = YES;
				CLANG_WARN_OBJC_LITERAL_CONVERSION = YES;
				CLANG_WARN_OBJC_ROOT_CLASS = YES_ERROR;
				CLANG_WARN_QUOTED_INCLUDE_IN_FRAMEWORK_HEADER = YES;
				CLANG_WARN_RANGE_LOOP_ANALYSIS = YES;
				CLANG_WARN_STRICT_PROTOTYPES = YES;
				CLANG_WARN_SUSPICIOUS_MOVE = YES;
				CLANG_WARN_UNGUARDED_AVAILABILITY = YES_AGGRESSIVE;
				CLANG_WARN_UNREACHABLE_CODE = YES;
				CLANG_WARN__DUPLICATE_METHOD_MATCH = YES;
				COPY_PHASE_STRIP = NO;
				DEBUG_INFORMATION_FORMAT = "dwarf-with-dsym";
				ENABLE_NS_ASSERTIONS = NO;
				ENABLE_STRICT_OBJC_MSGSEND = YES;
				GCC_C_LANGUAGE_STANDARD = gnu11;
				GCC_NO_COMMON_BLOCKS = YES;
				GCC_WARN_64_TO_32_BIT_CONVERSION = YES;
				GCC_WARN_ABOUT_RETURN_TYPE = YES_ERROR;
				GCC_WARN_UNDECLARED_SELECTOR = YES;
				GCC_WARN_UNINITIALIZED_AUTOS = YES_AGGRESSIVE;
				GCC_WARN_UNUSED_FUNCTION = YES;
				GCC_WARN_UNUSED_VARIABLE = YES;
				IPHONEOS_DEPLOYMENT_TARGET = 16.0;
				MTL_ENABLE_DEBUG_INFO = NO;
				MTL_FAST_MATH = YES;
				SDKROOT = iphoneos;
				SWIFT_COMPILATION_MODE = wholemodule;
				SWIFT_OPTIMIZATION_LEVEL = "-O";
				VALIDATE_PRODUCT = YES;
			};
			name = Release;
		};
		4515FA5F293F9A1000A44C5E /* Debug */ = {
			isa = XCBuildConfiguration;
			buildSettings = {
				ASSETCATALOG_COMPILER_APPICON_NAME = AppIcon;
				ASSETCATALOG_COMPILER_GLOBAL_ACCENT_COLOR_NAME = AccentColor;
				CODE_SIGN_STYLE = Automatic;
				CURRENT_PROJECT_VERSION = 1;
				DEVELOPMENT_TEAM = 92MNK9H779;
				GENERATE_INFOPLIST_FILE = YES;
				INFOPLIST_FILE = TheWeatherOutside/Info.plist;
				INFOPLIST_KEY_UIApplicationSupportsIndirectInputEvents = YES;
				INFOPLIST_KEY_UILaunchStoryboardName = LaunchScreen;
				INFOPLIST_KEY_UISupportedInterfaceOrientations_iPad = "UIInterfaceOrientationPortrait UIInterfaceOrientationPortraitUpsideDown UIInterfaceOrientationLandscapeLeft UIInterfaceOrientationLandscapeRight";
				INFOPLIST_KEY_UISupportedInterfaceOrientations_iPhone = "UIInterfaceOrientationPortrait UIInterfaceOrientationLandscapeLeft UIInterfaceOrientationLandscapeRight";
				IPHONEOS_DEPLOYMENT_TARGET = 16.0;
				LD_RUNPATH_SEARCH_PATHS = (
					"$(inherited)",
					"@executable_path/Frameworks",
				);
				MARKETING_VERSION = 1.0;
				PRODUCT_BUNDLE_IDENTIFIER = MariyaKhutornaya.TheWeatherOutside;
				PRODUCT_NAME = "$(TARGET_NAME)";
				SWIFT_EMIT_LOC_STRINGS = YES;
				SWIFT_VERSION = 5.0;
				TARGETED_DEVICE_FAMILY = "1,2";
			};
			name = Debug;
		};
		4515FA60293F9A1000A44C5E /* Release */ = {
			isa = XCBuildConfiguration;
			buildSettings = {
				ASSETCATALOG_COMPILER_APPICON_NAME = AppIcon;
				ASSETCATALOG_COMPILER_GLOBAL_ACCENT_COLOR_NAME = AccentColor;
				CODE_SIGN_STYLE = Automatic;
				CURRENT_PROJECT_VERSION = 1;
				DEVELOPMENT_TEAM = 92MNK9H779;
				GENERATE_INFOPLIST_FILE = YES;
				INFOPLIST_FILE = TheWeatherOutside/Info.plist;
				INFOPLIST_KEY_UIApplicationSupportsIndirectInputEvents = YES;
				INFOPLIST_KEY_UILaunchStoryboardName = LaunchScreen;
				INFOPLIST_KEY_UISupportedInterfaceOrientations_iPad = "UIInterfaceOrientationPortrait UIInterfaceOrientationPortraitUpsideDown UIInterfaceOrientationLandscapeLeft UIInterfaceOrientationLandscapeRight";
				INFOPLIST_KEY_UISupportedInterfaceOrientations_iPhone = "UIInterfaceOrientationPortrait UIInterfaceOrientationLandscapeLeft UIInterfaceOrientationLandscapeRight";
				IPHONEOS_DEPLOYMENT_TARGET = 16.0;
				LD_RUNPATH_SEARCH_PATHS = (
					"$(inherited)",
					"@executable_path/Frameworks",
				);
				MARKETING_VERSION = 1.0;
				PRODUCT_BUNDLE_IDENTIFIER = MariyaKhutornaya.TheWeatherOutside;
				PRODUCT_NAME = "$(TARGET_NAME)";
				SWIFT_EMIT_LOC_STRINGS = YES;
				SWIFT_VERSION = 5.0;
				TARGETED_DEVICE_FAMILY = "1,2";
			};
			name = Release;
		};
/* End XCBuildConfiguration section */

/* Begin XCConfigurationList section */
		4515FA42293F9A0F00A44C5E /* Build configuration list for PBXProject "WeatherWise" */ = {
			isa = XCConfigurationList;
			buildConfigurations = (
				4515FA5C293F9A1000A44C5E /* Debug */,
				4515FA5D293F9A1000A44C5E /* Release */,
			);
			defaultConfigurationIsVisible = 0;
			defaultConfigurationName = Release;
		};
		4515FA5E293F9A1000A44C5E /* Build configuration list for PBXNativeTarget "WeatherWise" */ = {
			isa = XCConfigurationList;
			buildConfigurations = (
				4515FA5F293F9A1000A44C5E /* Debug */,
				4515FA60293F9A1000A44C5E /* Release */,
			);
			defaultConfigurationIsVisible = 0;
			defaultConfigurationName = Release;
		};
/* End XCConfigurationList section */

/* Begin XCRemoteSwiftPackageReference section */
		4CF2AD7C295F375A003DC0F3 /* XCRemoteSwiftPackageReference "Alamofire" */ = {
			isa = XCRemoteSwiftPackageReference;
			repositoryURL = "https://github.com/Alamofire/Alamofire.git";
			requirement = {
				kind = upToNextMajorVersion;
				minimumVersion = 5.6.1;
			};
		};
/* End XCRemoteSwiftPackageReference section */

/* Begin XCSwiftPackageProductDependency section */
		4CF2AD7D295F375A003DC0F3 /* Alamofire */ = {
			isa = XCSwiftPackageProductDependency;
			package = 4CF2AD7C295F375A003DC0F3 /* XCRemoteSwiftPackageReference "Alamofire" */;
			productName = Alamofire;
		};
/* End XCSwiftPackageProductDependency section */

/* Begin XCVersionGroup section */
		4515FA53293F9A0F00A44C5E /* TheWeatherOutside.xcdatamodeld */ = {
			isa = XCVersionGroup;
			children = (
				4515FA54293F9A0F00A44C5E /* TheWeatherOutside.xcdatamodel */,
			);
			currentVersion = 4515FA54293F9A0F00A44C5E /* TheWeatherOutside.xcdatamodel */;
			path = TheWeatherOutside.xcdatamodeld;
			sourceTree = "<group>";
			versionGroupType = wrapper.xcdatamodel;
		};
/* End XCVersionGroup section */
	};
	rootObject = 4515FA3F293F9A0F00A44C5E /* Project object */;
}
