// !$*UTF8*$!
{
	archiveVersion = 1;
	classes = {
	};
	objectVersion = 56;
	objects = {

/* Begin PBXBuildFile section */
		4515FA4B293F9A0F00A44C5E /* AppDelegate.swift in Sources */ = {isa = PBXBuildFile; fileRef = 4515FA4A293F9A0F00A44C5E /* AppDelegate.swift */; };
		4515FA4D293F9A0F00A44C5E /* SceneDelegate.swift in Sources */ = {isa = PBXBuildFile; fileRef = 4515FA4C293F9A0F00A44C5E /* SceneDelegate.swift */; };
		4515FA4F293F9A0F00A44C5E /* PagesViewController.swift in Sources */ = {isa = PBXBuildFile; fileRef = 4515FA4E293F9A0F00A44C5E /* PagesViewController.swift */; };
		4515FA55293F9A0F00A44C5E /* TheWeatherOutside.xcdatamodeld in Sources */ = {isa = PBXBuildFile; fileRef = 4515FA53293F9A0F00A44C5E /* TheWeatherOutside.xcdatamodeld */; };
		4515FA57293F9A1000A44C5E /* Assets.xcassets in Resources */ = {isa = PBXBuildFile; fileRef = 4515FA56293F9A1000A44C5E /* Assets.xcassets */; };
		4515FA5A293F9A1000A44C5E /* LaunchScreen.storyboard in Resources */ = {isa = PBXBuildFile; fileRef = 4515FA58293F9A1000A44C5E /* LaunchScreen.storyboard */; };
		4C01C8E4297486E7001D42C1 /* SnapKit in Frameworks */ = {isa = PBXBuildFile; productRef = 4C01C8E3297486E7001D42C1 /* SnapKit */; };
		4C01C8EE29756A48001D42C1 /* DailyForecastBuilder.swift in Sources */ = {isa = PBXBuildFile; fileRef = 4C01C8ED29756A48001D42C1 /* DailyForecastBuilder.swift */; };
		4C01C8F029756A8B001D42C1 /* DailyForecastPresenterProtocol.swift in Sources */ = {isa = PBXBuildFile; fileRef = 4C01C8EF29756A8B001D42C1 /* DailyForecastPresenterProtocol.swift */; };
		4C01C8F229756A94001D42C1 /* DailyForecastPresenter.swift in Sources */ = {isa = PBXBuildFile; fileRef = 4C01C8F129756A94001D42C1 /* DailyForecastPresenter.swift */; };
		4C01C8F429756B56001D42C1 /* DailyForecastInteractor.swift in Sources */ = {isa = PBXBuildFile; fileRef = 4C01C8F329756B56001D42C1 /* DailyForecastInteractor.swift */; };
		4C01C8F629756B60001D42C1 /* DailyForecastInteractorProtocol.swift in Sources */ = {isa = PBXBuildFile; fileRef = 4C01C8F529756B60001D42C1 /* DailyForecastInteractorProtocol.swift */; };
		4C01C8F829756B74001D42C1 /* DailyViewModel.swift in Sources */ = {isa = PBXBuildFile; fileRef = 4C01C8F729756B74001D42C1 /* DailyViewModel.swift */; };
		4C01C8FA29756B8D001D42C1 /* DailyViewController.swift in Sources */ = {isa = PBXBuildFile; fileRef = 4C01C8F929756B8D001D42C1 /* DailyViewController.swift */; };
		4C01C8FC29756B96001D42C1 /* DailyViewControllerProtocol.swift in Sources */ = {isa = PBXBuildFile; fileRef = 4C01C8FB29756B96001D42C1 /* DailyViewControllerProtocol.swift */; };
		4C01C8FE297578F2001D42C1 /* DateBubbleCell.swift in Sources */ = {isa = PBXBuildFile; fileRef = 4C01C8FD297578F2001D42C1 /* DateBubbleCell.swift */; };
		4C12B2422962EB7200887469 /* WindDirectionManager.swift in Sources */ = {isa = PBXBuildFile; fileRef = 4C12B2412962EB7200887469 /* WindDirectionManager.swift */; };
		4C12B2462962F21000887469 /* Localizable.strings in Resources */ = {isa = PBXBuildFile; fileRef = 4C12B2482962F21000887469 /* Localizable.strings */; };
		4C12B24B2962F37700887469 /* String+Extension.swift in Sources */ = {isa = PBXBuildFile; fileRef = 4C12B24A2962F37700887469 /* String+Extension.swift */; };
		4C17D09B296434F000132ACB /* MainCoordinator.swift in Sources */ = {isa = PBXBuildFile; fileRef = 4C17D09A296434F000132ACB /* MainCoordinator.swift */; };
		4C17D09D2964439200132ACB /* OnboardingViewController.swift in Sources */ = {isa = PBXBuildFile; fileRef = 4C17D09C2964439200132ACB /* OnboardingViewController.swift */; };
		4C17D0A02964568D00132ACB /* OnboardingView.swift in Sources */ = {isa = PBXBuildFile; fileRef = 4C17D09F2964568D00132ACB /* OnboardingView.swift */; };
		4C17D0A529645BC100132ACB /* Color.swift in Sources */ = {isa = PBXBuildFile; fileRef = 4C17D0A429645BC100132ACB /* Color.swift */; };
		4C17D0A829645F9E00132ACB /* Rubik-SemiBold.ttf in Resources */ = {isa = PBXBuildFile; fileRef = 4C17D0A729645F9E00132ACB /* Rubik-SemiBold.ttf */; };
		4C17D0AA29645FB200132ACB /* Rubik-Regular.ttf in Resources */ = {isa = PBXBuildFile; fileRef = 4C17D0A929645FB200132ACB /* Rubik-Regular.ttf */; };
		4C17D0AC29645FD600132ACB /* Rubik-Medium.ttf in Resources */ = {isa = PBXBuildFile; fileRef = 4C17D0AB29645FD600132ACB /* Rubik-Medium.ttf */; };
		4C17D0AF2964611300132ACB /* Fonts.swift in Sources */ = {isa = PBXBuildFile; fileRef = 4C17D0AE2964611300132ACB /* Fonts.swift */; };
		4C17D0B22964776B00132ACB /* InfoPlist.strings in Resources */ = {isa = PBXBuildFile; fileRef = 4C17D0B42964776B00132ACB /* InfoPlist.strings */; };
		4C17D0B82964836700132ACB /* SettingsViewController.swift in Sources */ = {isa = PBXBuildFile; fileRef = 4C17D0B72964836700132ACB /* SettingsViewController.swift */; };
		4C17D0C32965BB5800132ACB /* ForecastRepository.swift in Sources */ = {isa = PBXBuildFile; fileRef = 4C17D0C22965BB5800132ACB /* ForecastRepository.swift */; };
		4C1FA1DB29673212000A53F4 /* EmptyView.swift in Sources */ = {isa = PBXBuildFile; fileRef = 4C1FA1DA29673212000A53F4 /* EmptyView.swift */; };
		4C1FA1DD29673753000A53F4 /* EmptyViewController.swift in Sources */ = {isa = PBXBuildFile; fileRef = 4C1FA1DC29673753000A53F4 /* EmptyViewController.swift */; };
		4C244FE32965CE490094CB67 /* UnitsManager.swift in Sources */ = {isa = PBXBuildFile; fileRef = 4C244FE22965CE490094CB67 /* UnitsManager.swift */; };
		4C244FE52965F40A0094CB67 /* Decryptor.swift in Sources */ = {isa = PBXBuildFile; fileRef = 4C244FE42965F40A0094CB67 /* Decryptor.swift */; };
		4C3EA10129685D0B003F5BC1 /* CurrentForecastViewCell.swift in Sources */ = {isa = PBXBuildFile; fileRef = 4C3EA10029685D0B003F5BC1 /* CurrentForecastViewCell.swift */; };
		4C3EA103296863C9003F5BC1 /* ForecastBriefView.swift in Sources */ = {isa = PBXBuildFile; fileRef = 4C3EA102296863C9003F5BC1 /* ForecastBriefView.swift */; };
		4C3EA105296C113F003F5BC1 /* UserDefaultsManager.swift in Sources */ = {isa = PBXBuildFile; fileRef = 4C3EA104296C113F003F5BC1 /* UserDefaultsManager.swift */; };
		4C3EA108296C12F9003F5BC1 /* CurrentForecastModel.swift in Sources */ = {isa = PBXBuildFile; fileRef = 4C3EA107296C12F9003F5BC1 /* CurrentForecastModel.swift */; };
		4C3EA10A296C5FCC003F5BC1 /* ForecastViewController.swift in Sources */ = {isa = PBXBuildFile; fileRef = 4C3EA109296C5FCC003F5BC1 /* ForecastViewController.swift */; };
		4C3EA110296ED192003F5BC1 /* HourlyForecastViewCell.swift in Sources */ = {isa = PBXBuildFile; fileRef = 4C3EA10F296ED192003F5BC1 /* HourlyForecastViewCell.swift */; };
		4C3EA113296EDB6F003F5BC1 /* WeatherConditionManager.swift in Sources */ = {isa = PBXBuildFile; fileRef = 4C3EA112296EDB6F003F5BC1 /* WeatherConditionManager.swift */; };
		4C3EA116296EFB57003F5BC1 /* HeaderCell.swift in Sources */ = {isa = PBXBuildFile; fileRef = 4C3EA115296EFB57003F5BC1 /* HeaderCell.swift */; };
		4C3EA119296F0E93003F5BC1 /* HourlyForecastModel.swift in Sources */ = {isa = PBXBuildFile; fileRef = 4C3EA118296F0E93003F5BC1 /* HourlyForecastModel.swift */; };
		4C3EA11C296F0F36003F5BC1 /* DailyForecastViewCell.swift in Sources */ = {isa = PBXBuildFile; fileRef = 4C3EA11B296F0F36003F5BC1 /* DailyForecastViewCell.swift */; };
		4C3EA11E296F0F60003F5BC1 /* DailyForecastModel.swift in Sources */ = {isa = PBXBuildFile; fileRef = 4C3EA11D296F0F60003F5BC1 /* DailyForecastModel.swift */; };
		4C3EA124297049F5003F5BC1 /* ForecastViewModel.swift in Sources */ = {isa = PBXBuildFile; fileRef = 4C3EA123297049F5003F5BC1 /* ForecastViewModel.swift */; };
		4C3EA12929706106003F5BC1 /* PagesInteractorProtocol.swift in Sources */ = {isa = PBXBuildFile; fileRef = 4C3EA12829706106003F5BC1 /* PagesInteractorProtocol.swift */; };
		4C3EA12B297062C3003F5BC1 /* PageViewControllerProtocol.swift in Sources */ = {isa = PBXBuildFile; fileRef = 4C3EA12A297062C3003F5BC1 /* PageViewControllerProtocol.swift */; };
		4C3EA12E29706300003F5BC1 /* PagesPresenter.swift in Sources */ = {isa = PBXBuildFile; fileRef = 4C3EA12D29706300003F5BC1 /* PagesPresenter.swift */; };
		4C3EA1302970632D003F5BC1 /* PagesPresenterProtocol.swift in Sources */ = {isa = PBXBuildFile; fileRef = 4C3EA12F2970632D003F5BC1 /* PagesPresenterProtocol.swift */; };
		4C3EA13429706C6E003F5BC1 /* PagesInteractor.swift in Sources */ = {isa = PBXBuildFile; fileRef = 4C3EA13329706C6E003F5BC1 /* PagesInteractor.swift */; };
		4C3EA13629707689003F5BC1 /* ForecastRepositoryProtocol.swift in Sources */ = {isa = PBXBuildFile; fileRef = 4C3EA13529707689003F5BC1 /* ForecastRepositoryProtocol.swift */; };
		4C3EA13929707EE6003F5BC1 /* PagesBuilder.swift in Sources */ = {isa = PBXBuildFile; fileRef = 4C3EA13829707EE6003F5BC1 /* PagesBuilder.swift */; };
		4C5E3DA2297AB25500A30966 /* TimeOfDayCell.swift in Sources */ = {isa = PBXBuildFile; fileRef = 4C5E3DA1297AB25500A30966 /* TimeOfDayCell.swift */; };
		4C5E3DA4297EDD0400A30966 /* DayAndNightCell.swift in Sources */ = {isa = PBXBuildFile; fileRef = 4C5E3DA3297EDD0400A30966 /* DayAndNightCell.swift */; };
		4C5E3DA6297EEA5F00A30966 /* SeparatorView.swift in Sources */ = {isa = PBXBuildFile; fileRef = 4C5E3DA5297EEA5F00A30966 /* SeparatorView.swift */; };
		4C6D87852971820C006E2749 /* Button.swift in Sources */ = {isa = PBXBuildFile; fileRef = 4C6D87842971820C006E2749 /* Button.swift */; };
		4C6D87892971B285006E2749 /* HourOverviewCell.swift in Sources */ = {isa = PBXBuildFile; fileRef = 4C6D87882971B285006E2749 /* HourOverviewCell.swift */; };
		4C6D878B2971B54C006E2749 /* WeatherParameterView.swift in Sources */ = {isa = PBXBuildFile; fileRef = 4C6D878A2971B54C006E2749 /* WeatherParameterView.swift */; };
		4C6D878D2971B7B3006E2749 /* HourOverviewModel.swift in Sources */ = {isa = PBXBuildFile; fileRef = 4C6D878C2971B7B3006E2749 /* HourOverviewModel.swift */; };
		4C6D878F2971BBF7006E2749 /* HourlyViewController.swift in Sources */ = {isa = PBXBuildFile; fileRef = 4C6D878E2971BBF7006E2749 /* HourlyViewController.swift */; };
		4C6D87912971BE62006E2749 /* HourViewModel.swift in Sources */ = {isa = PBXBuildFile; fileRef = 4C6D87902971BE62006E2749 /* HourViewModel.swift */; };
		4C6D879329740CEB006E2749 /* WeatherDiagramCell.swift in Sources */ = {isa = PBXBuildFile; fileRef = 4C6D879229740CEB006E2749 /* WeatherDiagramCell.swift */; };
		4C6D8795297411CF006E2749 /* WeatherDiagramViewModel.swift in Sources */ = {isa = PBXBuildFile; fileRef = 4C6D8794297411CF006E2749 /* WeatherDiagramViewModel.swift */; };
		4C6D879C29741453006E2749 /* HourlyForecastBuilder.swift in Sources */ = {isa = PBXBuildFile; fileRef = 4C6D879B29741453006E2749 /* HourlyForecastBuilder.swift */; };
		4C6D87A0297414C3006E2749 /* HourlyForecastInteractorProtocol.swift in Sources */ = {isa = PBXBuildFile; fileRef = 4C6D879F297414C3006E2749 /* HourlyForecastInteractorProtocol.swift */; };
		4C6D87A2297414DA006E2749 /* HourlyForecastInteractor.swift in Sources */ = {isa = PBXBuildFile; fileRef = 4C6D87A1297414DA006E2749 /* HourlyForecastInteractor.swift */; };
		4C6D87A429741513006E2749 /* HourlyForecastPresenterProtocol.swift in Sources */ = {isa = PBXBuildFile; fileRef = 4C6D87A329741513006E2749 /* HourlyForecastPresenterProtocol.swift */; };
		4C6D87A629741533006E2749 /* HourlyForecastPresenter.swift in Sources */ = {isa = PBXBuildFile; fileRef = 4C6D87A529741533006E2749 /* HourlyForecastPresenter.swift */; };
		4C6D87A82974157B006E2749 /* HourlyForecastViewControllerProtocol.swift in Sources */ = {isa = PBXBuildFile; fileRef = 4C6D87A72974157B006E2749 /* HourlyForecastViewControllerProtocol.swift */; };
		4C6D87B229747B30006E2749 /* WeatherDiagramFactory.swift in Sources */ = {isa = PBXBuildFile; fileRef = 4C6D87B129747B30006E2749 /* WeatherDiagramFactory.swift */; };
		4C6D87B429747B8E006E2749 /* WeatherDiagramView.swift in Sources */ = {isa = PBXBuildFile; fileRef = 4C6D87B329747B8E006E2749 /* WeatherDiagramView.swift */; };
		4C9340912971738600D6217F /* SettingsView.swift in Sources */ = {isa = PBXBuildFile; fileRef = 4C9340902971738600D6217F /* SettingsView.swift */; };
		4CF2AD7E295F375A003DC0F3 /* Alamofire in Frameworks */ = {isa = PBXBuildFile; productRef = 4CF2AD7D295F375A003DC0F3 /* Alamofire */; };
		4CF2AD80295F38FE003DC0F3 /* ForecastApiManager.swift in Sources */ = {isa = PBXBuildFile; fileRef = 4CF2AD7F295F38FE003DC0F3 /* ForecastApiManager.swift */; };
		4CF2AD82295F3BCC003DC0F3 /* ForecastResponse.swift in Sources */ = {isa = PBXBuildFile; fileRef = 4CF2AD81295F3BCC003DC0F3 /* ForecastResponse.swift */; };
		4CF2AD84295F58FD003DC0F3 /* DateManager.swift in Sources */ = {isa = PBXBuildFile; fileRef = 4CF2AD83295F58FD003DC0F3 /* DateManager.swift */; };
		4CF2AD89295F7AEF003DC0F3 /* GeoCodeApiManager.swift in Sources */ = {isa = PBXBuildFile; fileRef = 4CF2AD88295F7AEF003DC0F3 /* GeoCodeApiManager.swift */; };
		4CF2AD8B295F7D82003DC0F3 /* GeoCodeResponse.swift in Sources */ = {isa = PBXBuildFile; fileRef = 4CF2AD8A295F7D82003DC0F3 /* GeoCodeResponse.swift */; };
		4CF2AD8F2962DE0D003DC0F3 /* CoreDataManager.swift in Sources */ = {isa = PBXBuildFile; fileRef = 4CF2AD8E2962DE0D003DC0F3 /* CoreDataManager.swift */; };
/* End PBXBuildFile section */

/* Begin PBXFileReference section */
		4515FA47293F9A0F00A44C5E /* WeatherWise.app */ = {isa = PBXFileReference; explicitFileType = wrapper.application; includeInIndex = 0; path = WeatherWise.app; sourceTree = BUILT_PRODUCTS_DIR; };
		4515FA4A293F9A0F00A44C5E /* AppDelegate.swift */ = {isa = PBXFileReference; lastKnownFileType = sourcecode.swift; path = AppDelegate.swift; sourceTree = "<group>"; };
		4515FA4C293F9A0F00A44C5E /* SceneDelegate.swift */ = {isa = PBXFileReference; lastKnownFileType = sourcecode.swift; path = SceneDelegate.swift; sourceTree = "<group>"; };
		4515FA4E293F9A0F00A44C5E /* PagesViewController.swift */ = {isa = PBXFileReference; lastKnownFileType = sourcecode.swift; path = PagesViewController.swift; sourceTree = "<group>"; };
		4515FA54293F9A0F00A44C5E /* TheWeatherOutside.xcdatamodel */ = {isa = PBXFileReference; lastKnownFileType = wrapper.xcdatamodel; path = TheWeatherOutside.xcdatamodel; sourceTree = "<group>"; };
		4515FA56293F9A1000A44C5E /* Assets.xcassets */ = {isa = PBXFileReference; lastKnownFileType = folder.assetcatalog; path = Assets.xcassets; sourceTree = "<group>"; };
		4515FA5B293F9A1000A44C5E /* Info.plist */ = {isa = PBXFileReference; lastKnownFileType = text.plist.xml; path = Info.plist; sourceTree = "<group>"; };
		4C01C8ED29756A48001D42C1 /* DailyForecastBuilder.swift */ = {isa = PBXFileReference; lastKnownFileType = sourcecode.swift; path = DailyForecastBuilder.swift; sourceTree = "<group>"; };
		4C01C8EF29756A8B001D42C1 /* DailyForecastPresenterProtocol.swift */ = {isa = PBXFileReference; lastKnownFileType = sourcecode.swift; path = DailyForecastPresenterProtocol.swift; sourceTree = "<group>"; };
		4C01C8F129756A94001D42C1 /* DailyForecastPresenter.swift */ = {isa = PBXFileReference; lastKnownFileType = sourcecode.swift; path = DailyForecastPresenter.swift; sourceTree = "<group>"; };
		4C01C8F329756B56001D42C1 /* DailyForecastInteractor.swift */ = {isa = PBXFileReference; lastKnownFileType = sourcecode.swift; path = DailyForecastInteractor.swift; sourceTree = "<group>"; };
		4C01C8F529756B60001D42C1 /* DailyForecastInteractorProtocol.swift */ = {isa = PBXFileReference; lastKnownFileType = sourcecode.swift; path = DailyForecastInteractorProtocol.swift; sourceTree = "<group>"; };
		4C01C8F729756B74001D42C1 /* DailyViewModel.swift */ = {isa = PBXFileReference; lastKnownFileType = sourcecode.swift; path = DailyViewModel.swift; sourceTree = "<group>"; };
		4C01C8F929756B8D001D42C1 /* DailyViewController.swift */ = {isa = PBXFileReference; lastKnownFileType = sourcecode.swift; path = DailyViewController.swift; sourceTree = "<group>"; };
		4C01C8FB29756B96001D42C1 /* DailyViewControllerProtocol.swift */ = {isa = PBXFileReference; lastKnownFileType = sourcecode.swift; path = DailyViewControllerProtocol.swift; sourceTree = "<group>"; };
		4C01C8FD297578F2001D42C1 /* DateBubbleCell.swift */ = {isa = PBXFileReference; lastKnownFileType = sourcecode.swift; path = DateBubbleCell.swift; sourceTree = "<group>"; };
		4C12B2412962EB7200887469 /* WindDirectionManager.swift */ = {isa = PBXFileReference; lastKnownFileType = sourcecode.swift; path = WindDirectionManager.swift; sourceTree = "<group>"; };
		4C12B2472962F21000887469 /* en */ = {isa = PBXFileReference; lastKnownFileType = text.plist.strings; name = en; path = en.lproj/Localizable.strings; sourceTree = "<group>"; };
		4C12B2492962F21300887469 /* ru */ = {isa = PBXFileReference; lastKnownFileType = text.plist.strings; name = ru; path = ru.lproj/Localizable.strings; sourceTree = "<group>"; };
		4C12B24A2962F37700887469 /* String+Extension.swift */ = {isa = PBXFileReference; lastKnownFileType = sourcecode.swift; path = "String+Extension.swift"; sourceTree = "<group>"; };
		4C17D09A296434F000132ACB /* MainCoordinator.swift */ = {isa = PBXFileReference; lastKnownFileType = sourcecode.swift; path = MainCoordinator.swift; sourceTree = "<group>"; };
		4C17D09C2964439200132ACB /* OnboardingViewController.swift */ = {isa = PBXFileReference; lastKnownFileType = sourcecode.swift; path = OnboardingViewController.swift; sourceTree = "<group>"; };
		4C17D09F2964568D00132ACB /* OnboardingView.swift */ = {isa = PBXFileReference; lastKnownFileType = sourcecode.swift; path = OnboardingView.swift; sourceTree = "<group>"; };
		4C17D0A429645BC100132ACB /* Color.swift */ = {isa = PBXFileReference; lastKnownFileType = sourcecode.swift; path = Color.swift; sourceTree = "<group>"; };
		4C17D0A729645F9E00132ACB /* Rubik-SemiBold.ttf */ = {isa = PBXFileReference; lastKnownFileType = file; path = "Rubik-SemiBold.ttf"; sourceTree = "<group>"; };
		4C17D0A929645FB200132ACB /* Rubik-Regular.ttf */ = {isa = PBXFileReference; lastKnownFileType = file; path = "Rubik-Regular.ttf"; sourceTree = "<group>"; };
		4C17D0AB29645FD600132ACB /* Rubik-Medium.ttf */ = {isa = PBXFileReference; lastKnownFileType = file; path = "Rubik-Medium.ttf"; sourceTree = "<group>"; };
		4C17D0AE2964611300132ACB /* Fonts.swift */ = {isa = PBXFileReference; lastKnownFileType = sourcecode.swift; path = Fonts.swift; sourceTree = "<group>"; };
		4C17D0B32964776B00132ACB /* en */ = {isa = PBXFileReference; lastKnownFileType = text.plist.strings; name = en; path = en.lproj/InfoPlist.strings; sourceTree = "<group>"; };
		4C17D0B52964776E00132ACB /* ru */ = {isa = PBXFileReference; lastKnownFileType = text.plist.strings; name = ru; path = ru.lproj/InfoPlist.strings; sourceTree = "<group>"; };
		4C17D0B72964836700132ACB /* SettingsViewController.swift */ = {isa = PBXFileReference; lastKnownFileType = sourcecode.swift; path = SettingsViewController.swift; sourceTree = "<group>"; };
		4C17D0BE29658E7800132ACB /* Base */ = {isa = PBXFileReference; lastKnownFileType = file.storyboard; name = Base; path = Base.lproj/LaunchScreen.storyboard; sourceTree = "<group>"; };
		4C17D0BF29658EA100132ACB /* en */ = {isa = PBXFileReference; lastKnownFileType = text.plist.strings; name = en; path = en.lproj/LaunchScreen.strings; sourceTree = "<group>"; };
		4C17D0C029658EA500132ACB /* ru */ = {isa = PBXFileReference; lastKnownFileType = text.plist.strings; name = ru; path = ru.lproj/LaunchScreen.strings; sourceTree = "<group>"; };
		4C17D0C22965BB5800132ACB /* ForecastRepository.swift */ = {isa = PBXFileReference; lastKnownFileType = sourcecode.swift; path = ForecastRepository.swift; sourceTree = "<group>"; };
		4C1FA1DA29673212000A53F4 /* EmptyView.swift */ = {isa = PBXFileReference; lastKnownFileType = sourcecode.swift; path = EmptyView.swift; sourceTree = "<group>"; };
		4C1FA1DC29673753000A53F4 /* EmptyViewController.swift */ = {isa = PBXFileReference; lastKnownFileType = sourcecode.swift; path = EmptyViewController.swift; sourceTree = "<group>"; };
		4C244FE22965CE490094CB67 /* UnitsManager.swift */ = {isa = PBXFileReference; lastKnownFileType = sourcecode.swift; path = UnitsManager.swift; sourceTree = "<group>"; };
		4C244FE42965F40A0094CB67 /* Decryptor.swift */ = {isa = PBXFileReference; lastKnownFileType = sourcecode.swift; path = Decryptor.swift; sourceTree = "<group>"; };
		4C3EA10029685D0B003F5BC1 /* CurrentForecastViewCell.swift */ = {isa = PBXFileReference; lastKnownFileType = sourcecode.swift; path = CurrentForecastViewCell.swift; sourceTree = "<group>"; };
		4C3EA102296863C9003F5BC1 /* ForecastBriefView.swift */ = {isa = PBXFileReference; lastKnownFileType = sourcecode.swift; path = ForecastBriefView.swift; sourceTree = "<group>"; };
		4C3EA104296C113F003F5BC1 /* UserDefaultsManager.swift */ = {isa = PBXFileReference; lastKnownFileType = sourcecode.swift; path = UserDefaultsManager.swift; sourceTree = "<group>"; };
		4C3EA107296C12F9003F5BC1 /* CurrentForecastModel.swift */ = {isa = PBXFileReference; lastKnownFileType = sourcecode.swift; path = CurrentForecastModel.swift; sourceTree = "<group>"; };
		4C3EA109296C5FCC003F5BC1 /* ForecastViewController.swift */ = {isa = PBXFileReference; lastKnownFileType = sourcecode.swift; path = ForecastViewController.swift; sourceTree = "<group>"; };
		4C3EA10F296ED192003F5BC1 /* HourlyForecastViewCell.swift */ = {isa = PBXFileReference; lastKnownFileType = sourcecode.swift; path = HourlyForecastViewCell.swift; sourceTree = "<group>"; };
		4C3EA112296EDB6F003F5BC1 /* WeatherConditionManager.swift */ = {isa = PBXFileReference; lastKnownFileType = sourcecode.swift; path = WeatherConditionManager.swift; sourceTree = "<group>"; };
		4C3EA115296EFB57003F5BC1 /* HeaderCell.swift */ = {isa = PBXFileReference; lastKnownFileType = sourcecode.swift; path = HeaderCell.swift; sourceTree = "<group>"; };
		4C3EA118296F0E93003F5BC1 /* HourlyForecastModel.swift */ = {isa = PBXFileReference; lastKnownFileType = sourcecode.swift; path = HourlyForecastModel.swift; sourceTree = "<group>"; };
		4C3EA11B296F0F36003F5BC1 /* DailyForecastViewCell.swift */ = {isa = PBXFileReference; lastKnownFileType = sourcecode.swift; path = DailyForecastViewCell.swift; sourceTree = "<group>"; };
		4C3EA11D296F0F60003F5BC1 /* DailyForecastModel.swift */ = {isa = PBXFileReference; lastKnownFileType = sourcecode.swift; path = DailyForecastModel.swift; sourceTree = "<group>"; };
		4C3EA123297049F5003F5BC1 /* ForecastViewModel.swift */ = {isa = PBXFileReference; lastKnownFileType = sourcecode.swift; path = ForecastViewModel.swift; sourceTree = "<group>"; };
		4C3EA12829706106003F5BC1 /* PagesInteractorProtocol.swift */ = {isa = PBXFileReference; lastKnownFileType = sourcecode.swift; path = PagesInteractorProtocol.swift; sourceTree = "<group>"; };
		4C3EA12A297062C3003F5BC1 /* PageViewControllerProtocol.swift */ = {isa = PBXFileReference; lastKnownFileType = sourcecode.swift; path = PageViewControllerProtocol.swift; sourceTree = "<group>"; };
		4C3EA12D29706300003F5BC1 /* PagesPresenter.swift */ = {isa = PBXFileReference; lastKnownFileType = sourcecode.swift; path = PagesPresenter.swift; sourceTree = "<group>"; };
		4C3EA12F2970632D003F5BC1 /* PagesPresenterProtocol.swift */ = {isa = PBXFileReference; lastKnownFileType = sourcecode.swift; path = PagesPresenterProtocol.swift; sourceTree = "<group>"; };
		4C3EA13329706C6E003F5BC1 /* PagesInteractor.swift */ = {isa = PBXFileReference; fileEncoding = 4; lastKnownFileType = sourcecode.swift; path = PagesInteractor.swift; sourceTree = "<group>"; };
		4C3EA13529707689003F5BC1 /* ForecastRepositoryProtocol.swift */ = {isa = PBXFileReference; lastKnownFileType = sourcecode.swift; path = ForecastRepositoryProtocol.swift; sourceTree = "<group>"; };
		4C3EA13829707EE6003F5BC1 /* PagesBuilder.swift */ = {isa = PBXFileReference; lastKnownFileType = sourcecode.swift; path = PagesBuilder.swift; sourceTree = "<group>"; };
		4C5E3DA1297AB25500A30966 /* TimeOfDayCell.swift */ = {isa = PBXFileReference; lastKnownFileType = sourcecode.swift; path = TimeOfDayCell.swift; sourceTree = "<group>"; };
		4C5E3DA3297EDD0400A30966 /* DayAndNightCell.swift */ = {isa = PBXFileReference; lastKnownFileType = sourcecode.swift; path = DayAndNightCell.swift; sourceTree = "<group>"; };
		4C5E3DA5297EEA5F00A30966 /* SeparatorView.swift */ = {isa = PBXFileReference; lastKnownFileType = sourcecode.swift; path = SeparatorView.swift; sourceTree = "<group>"; };
		4C6D87842971820C006E2749 /* Button.swift */ = {isa = PBXFileReference; fileEncoding = 4; lastKnownFileType = sourcecode.swift; path = Button.swift; sourceTree = "<group>"; };
		4C6D87882971B285006E2749 /* HourOverviewCell.swift */ = {isa = PBXFileReference; lastKnownFileType = sourcecode.swift; path = HourOverviewCell.swift; sourceTree = "<group>"; };
		4C6D878A2971B54C006E2749 /* WeatherParameterView.swift */ = {isa = PBXFileReference; lastKnownFileType = sourcecode.swift; path = WeatherParameterView.swift; sourceTree = "<group>"; };
		4C6D878C2971B7B3006E2749 /* HourOverviewModel.swift */ = {isa = PBXFileReference; lastKnownFileType = sourcecode.swift; path = HourOverviewModel.swift; sourceTree = "<group>"; };
		4C6D878E2971BBF7006E2749 /* HourlyViewController.swift */ = {isa = PBXFileReference; lastKnownFileType = sourcecode.swift; path = HourlyViewController.swift; sourceTree = "<group>"; };
		4C6D87902971BE62006E2749 /* HourViewModel.swift */ = {isa = PBXFileReference; lastKnownFileType = sourcecode.swift; path = HourViewModel.swift; sourceTree = "<group>"; };
		4C6D879229740CEB006E2749 /* WeatherDiagramCell.swift */ = {isa = PBXFileReference; lastKnownFileType = sourcecode.swift; path = WeatherDiagramCell.swift; sourceTree = "<group>"; };
		4C6D8794297411CF006E2749 /* WeatherDiagramViewModel.swift */ = {isa = PBXFileReference; lastKnownFileType = sourcecode.swift; path = WeatherDiagramViewModel.swift; sourceTree = "<group>"; };
		4C6D879B29741453006E2749 /* HourlyForecastBuilder.swift */ = {isa = PBXFileReference; lastKnownFileType = sourcecode.swift; path = HourlyForecastBuilder.swift; sourceTree = "<group>"; };
		4C6D879F297414C3006E2749 /* HourlyForecastInteractorProtocol.swift */ = {isa = PBXFileReference; lastKnownFileType = sourcecode.swift; path = HourlyForecastInteractorProtocol.swift; sourceTree = "<group>"; };
		4C6D87A1297414DA006E2749 /* HourlyForecastInteractor.swift */ = {isa = PBXFileReference; lastKnownFileType = sourcecode.swift; path = HourlyForecastInteractor.swift; sourceTree = "<group>"; };
		4C6D87A329741513006E2749 /* HourlyForecastPresenterProtocol.swift */ = {isa = PBXFileReference; lastKnownFileType = sourcecode.swift; path = HourlyForecastPresenterProtocol.swift; sourceTree = "<group>"; };
		4C6D87A529741533006E2749 /* HourlyForecastPresenter.swift */ = {isa = PBXFileReference; lastKnownFileType = sourcecode.swift; path = HourlyForecastPresenter.swift; sourceTree = "<group>"; };
		4C6D87A72974157B006E2749 /* HourlyForecastViewControllerProtocol.swift */ = {isa = PBXFileReference; lastKnownFileType = sourcecode.swift; path = HourlyForecastViewControllerProtocol.swift; sourceTree = "<group>"; };
		4C6D87B129747B30006E2749 /* WeatherDiagramFactory.swift */ = {isa = PBXFileReference; lastKnownFileType = sourcecode.swift; path = WeatherDiagramFactory.swift; sourceTree = "<group>"; };
		4C6D87B329747B8E006E2749 /* WeatherDiagramView.swift */ = {isa = PBXFileReference; lastKnownFileType = sourcecode.swift; path = WeatherDiagramView.swift; sourceTree = "<group>"; };
		4C9340902971738600D6217F /* SettingsView.swift */ = {isa = PBXFileReference; lastKnownFileType = sourcecode.swift; path = SettingsView.swift; sourceTree = "<group>"; };
		4CF2AD7F295F38FE003DC0F3 /* ForecastApiManager.swift */ = {isa = PBXFileReference; lastKnownFileType = sourcecode.swift; path = ForecastApiManager.swift; sourceTree = "<group>"; };
		4CF2AD81295F3BCC003DC0F3 /* ForecastResponse.swift */ = {isa = PBXFileReference; lastKnownFileType = sourcecode.swift; path = ForecastResponse.swift; sourceTree = "<group>"; };
		4CF2AD83295F58FD003DC0F3 /* DateManager.swift */ = {isa = PBXFileReference; lastKnownFileType = sourcecode.swift; path = DateManager.swift; sourceTree = "<group>"; };
		4CF2AD88295F7AEF003DC0F3 /* GeoCodeApiManager.swift */ = {isa = PBXFileReference; lastKnownFileType = sourcecode.swift; path = GeoCodeApiManager.swift; sourceTree = "<group>"; };
		4CF2AD8A295F7D82003DC0F3 /* GeoCodeResponse.swift */ = {isa = PBXFileReference; lastKnownFileType = sourcecode.swift; path = GeoCodeResponse.swift; sourceTree = "<group>"; };
		4CF2AD8E2962DE0D003DC0F3 /* CoreDataManager.swift */ = {isa = PBXFileReference; lastKnownFileType = sourcecode.swift; path = CoreDataManager.swift; sourceTree = "<group>"; };
/* End PBXFileReference section */

/* Begin PBXFrameworksBuildPhase section */
		4515FA44293F9A0F00A44C5E /* Frameworks */ = {
			isa = PBXFrameworksBuildPhase;
			buildActionMask = 2147483647;
			files = (
				4CF2AD7E295F375A003DC0F3 /* Alamofire in Frameworks */,
				4C01C8E4297486E7001D42C1 /* SnapKit in Frameworks */,
			);
			runOnlyForDeploymentPostprocessing = 0;
		};
/* End PBXFrameworksBuildPhase section */

/* Begin PBXGroup section */
		4515FA3E293F9A0F00A44C5E = {
			isa = PBXGroup;
			children = (
				4515FA49293F9A0F00A44C5E /* TheWeatherOutside */,
				4515FA48293F9A0F00A44C5E /* Products */,
			);
			sourceTree = "<group>";
		};
		4515FA48293F9A0F00A44C5E /* Products */ = {
			isa = PBXGroup;
			children = (
				4515FA47293F9A0F00A44C5E /* WeatherWise.app */,
			);
			name = Products;
			sourceTree = "<group>";
		};
		4515FA49293F9A0F00A44C5E /* TheWeatherOutside */ = {
			isa = PBXGroup;
			children = (
				4C3EA117296F0E35003F5BC1 /* Flow */,
				4C17D0C12965BAEC00132ACB /* Repository */,
				4C17D0A12964584E00132ACB /* UIComponents */,
				4CF2AD8D2962CCB1003DC0F3 /* Helpers */,
				4CF2AD8C2962CC9C003DC0F3 /* CoreData */,
				4CF2AD7B295F2F7D003DC0F3 /* Network */,
				4515FA4A293F9A0F00A44C5E /* AppDelegate.swift */,
				4515FA4C293F9A0F00A44C5E /* SceneDelegate.swift */,
				4C17D09A296434F000132ACB /* MainCoordinator.swift */,
				4515FA56293F9A1000A44C5E /* Assets.xcassets */,
				4515FA58293F9A1000A44C5E /* LaunchScreen.storyboard */,
				4515FA5B293F9A1000A44C5E /* Info.plist */,
				4C12B2482962F21000887469 /* Localizable.strings */,
				4C17D0B42964776B00132ACB /* InfoPlist.strings */,
			);
			path = TheWeatherOutside;
			sourceTree = "<group>";
		};
		4C01C8E5297569E0001D42C1 /* DailyForecast */ = {
			isa = PBXGroup;
			children = (
				4C01C8E629756A00001D42C1 /* Builder */,
				4C01C8E729756A08001D42C1 /* Presenter */,
				4C01C8E829756A0E001D42C1 /* Interactor */,
				4C01C8E929756A15001D42C1 /* ViewModel */,
				4C01C8EA29756A1C001D42C1 /* ViewController */,
				4C01C8EB29756A23001D42C1 /* Cells */,
			);
			path = DailyForecast;
			sourceTree = "<group>";
		};
		4C01C8E629756A00001D42C1 /* Builder */ = {
			isa = PBXGroup;
			children = (
				4C01C8ED29756A48001D42C1 /* DailyForecastBuilder.swift */,
			);
			path = Builder;
			sourceTree = "<group>";
		};
		4C01C8E729756A08001D42C1 /* Presenter */ = {
			isa = PBXGroup;
			children = (
				4C01C8EF29756A8B001D42C1 /* DailyForecastPresenterProtocol.swift */,
				4C01C8F129756A94001D42C1 /* DailyForecastPresenter.swift */,
			);
			path = Presenter;
			sourceTree = "<group>";
		};
		4C01C8E829756A0E001D42C1 /* Interactor */ = {
			isa = PBXGroup;
			children = (
				4C01C8F329756B56001D42C1 /* DailyForecastInteractor.swift */,
				4C01C8F529756B60001D42C1 /* DailyForecastInteractorProtocol.swift */,
			);
			path = Interactor;
			sourceTree = "<group>";
		};
		4C01C8E929756A15001D42C1 /* ViewModel */ = {
			isa = PBXGroup;
			children = (
				4C01C8F729756B74001D42C1 /* DailyViewModel.swift */,
			);
			path = ViewModel;
			sourceTree = "<group>";
		};
		4C01C8EA29756A1C001D42C1 /* ViewController */ = {
			isa = PBXGroup;
			children = (
				4C01C8F929756B8D001D42C1 /* DailyViewController.swift */,
				4C01C8FB29756B96001D42C1 /* DailyViewControllerProtocol.swift */,
			);
			path = ViewController;
			sourceTree = "<group>";
		};
		4C01C8EB29756A23001D42C1 /* Cells */ = {
			isa = PBXGroup;
			children = (
				4C01C8FD297578F2001D42C1 /* DateBubbleCell.swift */,
				4C5E3DA1297AB25500A30966 /* TimeOfDayCell.swift */,
				4C5E3DA3297EDD0400A30966 /* DayAndNightCell.swift */,
				4C5E3DA5297EEA5F00A30966 /* SeparatorView.swift */,
			);
			path = Cells;
			sourceTree = "<group>";
		};
		4C17D09E2964567300132ACB /* Onboarding */ = {
			isa = PBXGroup;
			children = (
				4C17D09C2964439200132ACB /* OnboardingViewController.swift */,
				4C17D09F2964568D00132ACB /* OnboardingView.swift */,
			);
			path = Onboarding;
			sourceTree = "<group>";
		};
		4C17D0A12964584E00132ACB /* UIComponents */ = {
			isa = PBXGroup;
			children = (
				4C17D0A629645F3600132ACB /* Rubik */,
				4C17D0A429645BC100132ACB /* Color.swift */,
				4C6D87842971820C006E2749 /* Button.swift */,
				4C17D0AE2964611300132ACB /* Fonts.swift */,
			);
			path = UIComponents;
			sourceTree = "<group>";
		};
		4C17D0A629645F3600132ACB /* Rubik */ = {
			isa = PBXGroup;
			children = (
				4C17D0A929645FB200132ACB /* Rubik-Regular.ttf */,
				4C17D0AB29645FD600132ACB /* Rubik-Medium.ttf */,
				4C17D0A729645F9E00132ACB /* Rubik-SemiBold.ttf */,
			);
			path = Rubik;
			sourceTree = "<group>";
		};
		4C17D0B62964834E00132ACB /* Settings */ = {
			isa = PBXGroup;
			children = (
				4C17D0B72964836700132ACB /* SettingsViewController.swift */,
				4C9340902971738600D6217F /* SettingsView.swift */,
			);
			path = Settings;
			sourceTree = "<group>";
		};
		4C17D0C12965BAEC00132ACB /* Repository */ = {
			isa = PBXGroup;
			children = (
				4C17D0C22965BB5800132ACB /* ForecastRepository.swift */,
				4C3EA13529707689003F5BC1 /* ForecastRepositoryProtocol.swift */,
			);
			path = Repository;
			sourceTree = "<group>";
		};
		4C1FA1D9296731C3000A53F4 /* MainScreen */ = {
			isa = PBXGroup;
			children = (
				4C3EA1322970676A003F5BC1 /* ForecastViewController */,
				4C3EA1312970670A003F5BC1 /* PagesViewController */,
				4C3EA10E296ED153003F5BC1 /* EmptyViewController */,
			);
			path = MainScreen;
			sourceTree = "<group>";
		};
		4C3EA0FF29685CDB003F5BC1 /* Cells */ = {
			isa = PBXGroup;
			children = (
				4C3EA11A296F0F0F003F5BC1 /* DailyForecastViewCell */,
				4C3EA114296EFB3F003F5BC1 /* HeaderCell */,
				4C3EA111296ED195003F5BC1 /* HourlyForecastViewCell */,
				4C3EA106296C12D9003F5BC1 /* CurrentForecastViewCell */,
			);
			path = Cells;
			sourceTree = "<group>";
		};
		4C3EA106296C12D9003F5BC1 /* CurrentForecastViewCell */ = {
			isa = PBXGroup;
			children = (
				4C3EA10D296ED123003F5BC1 /* ForecastBriefView */,
				4C3EA10029685D0B003F5BC1 /* CurrentForecastViewCell.swift */,
				4C3EA107296C12F9003F5BC1 /* CurrentForecastModel.swift */,
			);
			path = CurrentForecastViewCell;
			sourceTree = "<group>";
		};
		4C3EA10D296ED123003F5BC1 /* ForecastBriefView */ = {
			isa = PBXGroup;
			children = (
				4C3EA102296863C9003F5BC1 /* ForecastBriefView.swift */,
			);
			path = ForecastBriefView;
			sourceTree = "<group>";
		};
		4C3EA10E296ED153003F5BC1 /* EmptyViewController */ = {
			isa = PBXGroup;
			children = (
				4C1FA1DA29673212000A53F4 /* EmptyView.swift */,
				4C1FA1DC29673753000A53F4 /* EmptyViewController.swift */,
			);
			path = EmptyViewController;
			sourceTree = "<group>";
		};
		4C3EA111296ED195003F5BC1 /* HourlyForecastViewCell */ = {
			isa = PBXGroup;
			children = (
				4C3EA10F296ED192003F5BC1 /* HourlyForecastViewCell.swift */,
				4C3EA118296F0E93003F5BC1 /* HourlyForecastModel.swift */,
			);
			path = HourlyForecastViewCell;
			sourceTree = "<group>";
		};
		4C3EA114296EFB3F003F5BC1 /* HeaderCell */ = {
			isa = PBXGroup;
			children = (
				4C3EA115296EFB57003F5BC1 /* HeaderCell.swift */,
			);
			path = HeaderCell;
			sourceTree = "<group>";
		};
		4C3EA117296F0E35003F5BC1 /* Flow */ = {
			isa = PBXGroup;
			children = (
				4C01C8E5297569E0001D42C1 /* DailyForecast */,
				4C6D87862971B21F006E2749 /* HourlyForecast */,
				4C17D09E2964567300132ACB /* Onboarding */,
				4C17D0B62964834E00132ACB /* Settings */,
				4C1FA1D9296731C3000A53F4 /* MainScreen */,
			);
			path = Flow;
			sourceTree = "<group>";
		};
		4C3EA11A296F0F0F003F5BC1 /* DailyForecastViewCell */ = {
			isa = PBXGroup;
			children = (
				4C3EA11B296F0F36003F5BC1 /* DailyForecastViewCell.swift */,
				4C3EA11D296F0F60003F5BC1 /* DailyForecastModel.swift */,
			);
			path = DailyForecastViewCell;
			sourceTree = "<group>";
		};
		4C3EA11F29704919003F5BC1 /* ViewController */ = {
			isa = PBXGroup;
			children = (
				4C3EA109296C5FCC003F5BC1 /* ForecastViewController.swift */,
			);
			path = ViewController;
			sourceTree = "<group>";
		};
		4C3EA122297049E6003F5BC1 /* ViewModel */ = {
			isa = PBXGroup;
			children = (
				4C3EA123297049F5003F5BC1 /* ForecastViewModel.swift */,
			);
			path = ViewModel;
			sourceTree = "<group>";
		};
		4C3EA125297060DB003F5BC1 /* Interactor */ = {
			isa = PBXGroup;
			children = (
				4C3EA13329706C6E003F5BC1 /* PagesInteractor.swift */,
				4C3EA12829706106003F5BC1 /* PagesInteractorProtocol.swift */,
			);
			path = Interactor;
			sourceTree = "<group>";
		};
		4C3EA12C297062ED003F5BC1 /* Presenter */ = {
			isa = PBXGroup;
			children = (
				4C3EA12D29706300003F5BC1 /* PagesPresenter.swift */,
				4C3EA12F2970632D003F5BC1 /* PagesPresenterProtocol.swift */,
			);
			path = Presenter;
			sourceTree = "<group>";
		};
		4C3EA1312970670A003F5BC1 /* PagesViewController */ = {
			isa = PBXGroup;
			children = (
				4C3EA13A29716C2D003F5BC1 /* ViewController */,
				4C3EA13729707ED6003F5BC1 /* Builder */,
				4C3EA125297060DB003F5BC1 /* Interactor */,
				4C3EA12C297062ED003F5BC1 /* Presenter */,
			);
			path = PagesViewController;
			sourceTree = "<group>";
		};
		4C3EA1322970676A003F5BC1 /* ForecastViewController */ = {
			isa = PBXGroup;
			children = (
				4C3EA122297049E6003F5BC1 /* ViewModel */,
				4C3EA11F29704919003F5BC1 /* ViewController */,
				4C3EA0FF29685CDB003F5BC1 /* Cells */,
			);
			path = ForecastViewController;
			sourceTree = "<group>";
		};
		4C3EA13729707ED6003F5BC1 /* Builder */ = {
			isa = PBXGroup;
			children = (
				4C3EA13829707EE6003F5BC1 /* PagesBuilder.swift */,
			);
			path = Builder;
			sourceTree = "<group>";
		};
		4C3EA13A29716C2D003F5BC1 /* ViewController */ = {
			isa = PBXGroup;
			children = (
				4515FA4E293F9A0F00A44C5E /* PagesViewController.swift */,
				4C3EA12A297062C3003F5BC1 /* PageViewControllerProtocol.swift */,
			);
			path = ViewController;
			sourceTree = "<group>";
		};
		4C6D87862971B21F006E2749 /* HourlyForecast */ = {
			isa = PBXGroup;
			children = (
				4C6D879A2974143F006E2749 /* Builder */,
				4C6D879E297414A5006E2749 /* Presenter */,
				4C6D879D2974149D006E2749 /* Interactor */,
				4C6D8799297413E6006E2749 /* ViewModel */,
				4C6D8798297413D9006E2749 /* ViewController */,
				4C6D87872971B233006E2749 /* Cells */,
			);
			path = HourlyForecast;
			sourceTree = "<group>";
		};
		4C6D87872971B233006E2749 /* Cells */ = {
			isa = PBXGroup;
			children = (
				4C6D8797297413A2006E2749 /* WeatherDiagramCell */,
				4C6D87962974138D006E2749 /* HourOverviewCell */,
			);
			path = Cells;
			sourceTree = "<group>";
		};
		4C6D87962974138D006E2749 /* HourOverviewCell */ = {
			isa = PBXGroup;
			children = (
				4C6D878A2971B54C006E2749 /* WeatherParameterView.swift */,
				4C6D87882971B285006E2749 /* HourOverviewCell.swift */,
				4C6D878C2971B7B3006E2749 /* HourOverviewModel.swift */,
			);
			path = HourOverviewCell;
			sourceTree = "<group>";
		};
		4C6D8797297413A2006E2749 /* WeatherDiagramCell */ = {
			isa = PBXGroup;
			children = (
				4C6D879229740CEB006E2749 /* WeatherDiagramCell.swift */,
				4C6D8794297411CF006E2749 /* WeatherDiagramViewModel.swift */,
				4C6D87B129747B30006E2749 /* WeatherDiagramFactory.swift */,
				4C6D87B329747B8E006E2749 /* WeatherDiagramView.swift */,
			);
			path = WeatherDiagramCell;
			sourceTree = "<group>";
		};
		4C6D8798297413D9006E2749 /* ViewController */ = {
			isa = PBXGroup;
			children = (
				4C6D878E2971BBF7006E2749 /* HourlyViewController.swift */,
				4C6D87A72974157B006E2749 /* HourlyForecastViewControllerProtocol.swift */,
			);
			path = ViewController;
			sourceTree = "<group>";
		};
		4C6D8799297413E6006E2749 /* ViewModel */ = {
			isa = PBXGroup;
			children = (
				4C6D87902971BE62006E2749 /* HourViewModel.swift */,
			);
			path = ViewModel;
			sourceTree = "<group>";
		};
		4C6D879A2974143F006E2749 /* Builder */ = {
			isa = PBXGroup;
			children = (
				4C6D879B29741453006E2749 /* HourlyForecastBuilder.swift */,
			);
			path = Builder;
			sourceTree = "<group>";
		};
		4C6D879D2974149D006E2749 /* Interactor */ = {
			isa = PBXGroup;
			children = (
				4C6D87A1297414DA006E2749 /* HourlyForecastInteractor.swift */,
				4C6D879F297414C3006E2749 /* HourlyForecastInteractorProtocol.swift */,
			);
			path = Interactor;
			sourceTree = "<group>";
		};
		4C6D879E297414A5006E2749 /* Presenter */ = {
			isa = PBXGroup;
			children = (
				4C6D87A329741513006E2749 /* HourlyForecastPresenterProtocol.swift */,
				4C6D87A529741533006E2749 /* HourlyForecastPresenter.swift */,
			);
			path = Presenter;
			sourceTree = "<group>";
		};
		4CF2AD7B295F2F7D003DC0F3 /* Network */ = {
			isa = PBXGroup;
			children = (
				4CF2AD7F295F38FE003DC0F3 /* ForecastApiManager.swift */,
				4CF2AD88295F7AEF003DC0F3 /* GeoCodeApiManager.swift */,
				4CF2AD87295F6800003DC0F3 /* Response */,
			);
			path = Network;
			sourceTree = "<group>";
		};
		4CF2AD87295F6800003DC0F3 /* Response */ = {
			isa = PBXGroup;
			children = (
				4CF2AD81295F3BCC003DC0F3 /* ForecastResponse.swift */,
				4CF2AD8A295F7D82003DC0F3 /* GeoCodeResponse.swift */,
			);
			path = Response;
			sourceTree = "<group>";
		};
		4CF2AD8C2962CC9C003DC0F3 /* CoreData */ = {
			isa = PBXGroup;
			children = (
				4CF2AD8E2962DE0D003DC0F3 /* CoreDataManager.swift */,
				4515FA53293F9A0F00A44C5E /* TheWeatherOutside.xcdatamodeld */,
			);
			path = CoreData;
			sourceTree = "<group>";
		};
		4CF2AD8D2962CCB1003DC0F3 /* Helpers */ = {
			isa = PBXGroup;
			children = (
				4CF2AD83295F58FD003DC0F3 /* DateManager.swift */,
				4C12B2412962EB7200887469 /* WindDirectionManager.swift */,
				4C12B24A2962F37700887469 /* String+Extension.swift */,
				4C244FE22965CE490094CB67 /* UnitsManager.swift */,
				4C244FE42965F40A0094CB67 /* Decryptor.swift */,
				4C3EA104296C113F003F5BC1 /* UserDefaultsManager.swift */,
				4C3EA112296EDB6F003F5BC1 /* WeatherConditionManager.swift */,
			);
			path = Helpers;
			sourceTree = "<group>";
		};
/* End PBXGroup section */

/* Begin PBXNativeTarget section */
		4515FA46293F9A0F00A44C5E /* WeatherWise */ = {
			isa = PBXNativeTarget;
			buildConfigurationList = 4515FA5E293F9A1000A44C5E /* Build configuration list for PBXNativeTarget "WeatherWise" */;
			buildPhases = (
				4515FA43293F9A0F00A44C5E /* Sources */,
				4515FA44293F9A0F00A44C5E /* Frameworks */,
				4515FA45293F9A0F00A44C5E /* Resources */,
			);
			buildRules = (
			);
			dependencies = (
			);
			name = WeatherWise;
			packageProductDependencies = (
				4CF2AD7D295F375A003DC0F3 /* Alamofire */,
				4C01C8E3297486E7001D42C1 /* SnapKit */,
			);
			productName = TheWeatherOutside;
			productReference = 4515FA47293F9A0F00A44C5E /* WeatherWise.app */;
			productType = "com.apple.product-type.application";
		};
/* End PBXNativeTarget section */

/* Begin PBXProject section */
		4515FA3F293F9A0F00A44C5E /* Project object */ = {
			isa = PBXProject;
			attributes = {
				BuildIndependentTargetsInParallel = 1;
				LastSwiftUpdateCheck = 1400;
				LastUpgradeCheck = 1400;
				TargetAttributes = {
					4515FA46293F9A0F00A44C5E = {
						CreatedOnToolsVersion = 14.0.1;
					};
				};
			};
			buildConfigurationList = 4515FA42293F9A0F00A44C5E /* Build configuration list for PBXProject "WeatherWise" */;
			compatibilityVersion = "Xcode 14.0";
			developmentRegion = en;
			hasScannedForEncodings = 0;
			knownRegions = (
				en,
				Base,
				ru,
			);
			mainGroup = 4515FA3E293F9A0F00A44C5E;
			packageReferences = (
				4CF2AD7C295F375A003DC0F3 /* XCRemoteSwiftPackageReference "Alamofire" */,
				4C01C8E2297486E7001D42C1 /* XCRemoteSwiftPackageReference "SnapKit" */,
			);
			productRefGroup = 4515FA48293F9A0F00A44C5E /* Products */;
			projectDirPath = "";
			projectRoot = "";
			targets = (
				4515FA46293F9A0F00A44C5E /* WeatherWise */,
			);
		};
/* End PBXProject section */

/* Begin PBXResourcesBuildPhase section */
		4515FA45293F9A0F00A44C5E /* Resources */ = {
			isa = PBXResourcesBuildPhase;
			buildActionMask = 2147483647;
			files = (
				4515FA5A293F9A1000A44C5E /* LaunchScreen.storyboard in Resources */,
				4C17D0B22964776B00132ACB /* InfoPlist.strings in Resources */,
				4C12B2462962F21000887469 /* Localizable.strings in Resources */,
				4515FA57293F9A1000A44C5E /* Assets.xcassets in Resources */,
				4C17D0AC29645FD600132ACB /* Rubik-Medium.ttf in Resources */,
				4C17D0AA29645FB200132ACB /* Rubik-Regular.ttf in Resources */,
				4C17D0A829645F9E00132ACB /* Rubik-SemiBold.ttf in Resources */,
			);
			runOnlyForDeploymentPostprocessing = 0;
		};
/* End PBXResourcesBuildPhase section */

/* Begin PBXSourcesBuildPhase section */
		4515FA43293F9A0F00A44C5E /* Sources */ = {
			isa = PBXSourcesBuildPhase;
			buildActionMask = 2147483647;
			files = (
				4C3EA13929707EE6003F5BC1 /* PagesBuilder.swift in Sources */,
				4CF2AD89295F7AEF003DC0F3 /* GeoCodeApiManager.swift in Sources */,
				4C6D87A629741533006E2749 /* HourlyForecastPresenter.swift in Sources */,
				4C6D87B229747B30006E2749 /* WeatherDiagramFactory.swift in Sources */,
				4CF2AD84295F58FD003DC0F3 /* DateManager.swift in Sources */,
				4C17D0C32965BB5800132ACB /* ForecastRepository.swift in Sources */,
				4C6D879329740CEB006E2749 /* WeatherDiagramCell.swift in Sources */,
				4C3EA1302970632D003F5BC1 /* PagesPresenterProtocol.swift in Sources */,
				4C17D0A02964568D00132ACB /* OnboardingView.swift in Sources */,
				4C01C8FC29756B96001D42C1 /* DailyViewControllerProtocol.swift in Sources */,
				4C3EA12E29706300003F5BC1 /* PagesPresenter.swift in Sources */,
				4C6D87912971BE62006E2749 /* HourViewModel.swift in Sources */,
				4C3EA10A296C5FCC003F5BC1 /* ForecastViewController.swift in Sources */,
				4C3EA105296C113F003F5BC1 /* UserDefaultsManager.swift in Sources */,
				4C1FA1DB29673212000A53F4 /* EmptyView.swift in Sources */,
				4C6D87A0297414C3006E2749 /* HourlyForecastInteractorProtocol.swift in Sources */,
				4C17D0A529645BC100132ACB /* Color.swift in Sources */,
				4C17D0B82964836700132ACB /* SettingsViewController.swift in Sources */,
				4515FA55293F9A0F00A44C5E /* TheWeatherOutside.xcdatamodeld in Sources */,
				4515FA4F293F9A0F00A44C5E /* PagesViewController.swift in Sources */,
				4C12B24B2962F37700887469 /* String+Extension.swift in Sources */,
				4C3EA13429706C6E003F5BC1 /* PagesInteractor.swift in Sources */,
				4C3EA10129685D0B003F5BC1 /* CurrentForecastViewCell.swift in Sources */,
				4C6D87A429741513006E2749 /* HourlyForecastPresenterProtocol.swift in Sources */,
				4C01C8F229756A94001D42C1 /* DailyForecastPresenter.swift in Sources */,
				4C01C8FE297578F2001D42C1 /* DateBubbleCell.swift in Sources */,
				4C3EA12929706106003F5BC1 /* PagesInteractorProtocol.swift in Sources */,
				4CF2AD8B295F7D82003DC0F3 /* GeoCodeResponse.swift in Sources */,
				4C6D87892971B285006E2749 /* HourOverviewCell.swift in Sources */,
				4C3EA11C296F0F36003F5BC1 /* DailyForecastViewCell.swift in Sources */,
				4C9340912971738600D6217F /* SettingsView.swift in Sources */,
				4C6D878D2971B7B3006E2749 /* HourOverviewModel.swift in Sources */,
				4C3EA12B297062C3003F5BC1 /* PageViewControllerProtocol.swift in Sources */,
				4C5E3DA2297AB25500A30966 /* TimeOfDayCell.swift in Sources */,
				4CF2AD80295F38FE003DC0F3 /* ForecastApiManager.swift in Sources */,
				4C12B2422962EB7200887469 /* WindDirectionManager.swift in Sources */,
				4515FA4B293F9A0F00A44C5E /* AppDelegate.swift in Sources */,
				4C6D87A2297414DA006E2749 /* HourlyForecastInteractor.swift in Sources */,
				4C01C8EE29756A48001D42C1 /* DailyForecastBuilder.swift in Sources */,
				4C3EA124297049F5003F5BC1 /* ForecastViewModel.swift in Sources */,
				4C6D878B2971B54C006E2749 /* WeatherParameterView.swift in Sources */,
				4C6D879C29741453006E2749 /* HourlyForecastBuilder.swift in Sources */,
				4C3EA11E296F0F60003F5BC1 /* DailyForecastModel.swift in Sources */,
				4C01C8F429756B56001D42C1 /* DailyForecastInteractor.swift in Sources */,
				4C6D878F2971BBF7006E2749 /* HourlyViewController.swift in Sources */,
				4C5E3DA4297EDD0400A30966 /* DayAndNightCell.swift in Sources */,
				4C3EA119296F0E93003F5BC1 /* HourlyForecastModel.swift in Sources */,
				4C244FE52965F40A0094CB67 /* Decryptor.swift in Sources */,
				4C01C8FA29756B8D001D42C1 /* DailyViewController.swift in Sources */,
				4C3EA116296EFB57003F5BC1 /* HeaderCell.swift in Sources */,
				4C3EA103296863C9003F5BC1 /* ForecastBriefView.swift in Sources */,
				4C3EA113296EDB6F003F5BC1 /* WeatherConditionManager.swift in Sources */,
				4C6D87A82974157B006E2749 /* HourlyForecastViewControllerProtocol.swift in Sources */,
				4CF2AD82295F3BCC003DC0F3 /* ForecastResponse.swift in Sources */,
				4C3EA108296C12F9003F5BC1 /* CurrentForecastModel.swift in Sources */,
				4C17D09B296434F000132ACB /* MainCoordinator.swift in Sources */,
				4C1FA1DD29673753000A53F4 /* EmptyViewController.swift in Sources */,
				4C3EA13629707689003F5BC1 /* ForecastRepositoryProtocol.swift in Sources */,
				4C5E3DA6297EEA5F00A30966 /* SeparatorView.swift in Sources */,
				4C6D8795297411CF006E2749 /* WeatherDiagramViewModel.swift in Sources */,
				4C17D09D2964439200132ACB /* OnboardingViewController.swift in Sources */,
				4C01C8F629756B60001D42C1 /* DailyForecastInteractorProtocol.swift in Sources */,
				4C01C8F029756A8B001D42C1 /* DailyForecastPresenterProtocol.swift in Sources */,
				4C6D87B429747B8E006E2749 /* WeatherDiagramView.swift in Sources */,
				4CF2AD8F2962DE0D003DC0F3 /* CoreDataManager.swift in Sources */,
				4C17D0AF2964611300132ACB /* Fonts.swift in Sources */,
				4515FA4D293F9A0F00A44C5E /* SceneDelegate.swift in Sources */,
				4C01C8F829756B74001D42C1 /* DailyViewModel.swift in Sources */,
				4C3EA110296ED192003F5BC1 /* HourlyForecastViewCell.swift in Sources */,
				4C244FE32965CE490094CB67 /* UnitsManager.swift in Sources */,
				4C6D87852971820C006E2749 /* Button.swift in Sources */,
			);
			runOnlyForDeploymentPostprocessing = 0;
		};
/* End PBXSourcesBuildPhase section */

/* Begin PBXVariantGroup section */
		4515FA58293F9A1000A44C5E /* LaunchScreen.storyboard */ = {
			isa = PBXVariantGroup;
			children = (
				4C17D0BE29658E7800132ACB /* Base */,
				4C17D0BF29658EA100132ACB /* en */,
				4C17D0C029658EA500132ACB /* ru */,
			);
			name = LaunchScreen.storyboard;
			sourceTree = "<group>";
		};
		4C12B2482962F21000887469 /* Localizable.strings */ = {
			isa = PBXVariantGroup;
			children = (
				4C12B2472962F21000887469 /* en */,
				4C12B2492962F21300887469 /* ru */,
			);
			name = Localizable.strings;
			sourceTree = "<group>";
		};
		4C17D0B42964776B00132ACB /* InfoPlist.strings */ = {
			isa = PBXVariantGroup;
			children = (
				4C17D0B32964776B00132ACB /* en */,
				4C17D0B52964776E00132ACB /* ru */,
			);
			name = InfoPlist.strings;
			sourceTree = "<group>";
		};
/* End PBXVariantGroup section */

/* Begin XCBuildConfiguration section */
		4515FA5C293F9A1000A44C5E /* Debug */ = {
			isa = XCBuildConfiguration;
			buildSettings = {
				ALWAYS_SEARCH_USER_PATHS = NO;
				CLANG_ANALYZER_LOCALIZABILITY_NONLOCALIZED = YES;
				CLANG_ANALYZER_NONNULL = YES;
				CLANG_ANALYZER_NUMBER_OBJECT_CONVERSION = YES_AGGRESSIVE;
				CLANG_CXX_LANGUAGE_STANDARD = "gnu++20";
				CLANG_ENABLE_MODULES = YES;
				CLANG_ENABLE_OBJC_ARC = YES;
				CLANG_ENABLE_OBJC_WEAK = YES;
				CLANG_WARN_BLOCK_CAPTURE_AUTORELEASING = YES;
				CLANG_WARN_BOOL_CONVERSION = YES;
				CLANG_WARN_COMMA = YES;
				CLANG_WARN_CONSTANT_CONVERSION = YES;
				CLANG_WARN_DEPRECATED_OBJC_IMPLEMENTATIONS = YES;
				CLANG_WARN_DIRECT_OBJC_ISA_USAGE = YES_ERROR;
				CLANG_WARN_DOCUMENTATION_COMMENTS = YES;
				CLANG_WARN_EMPTY_BODY = YES;
				CLANG_WARN_ENUM_CONVERSION = YES;
				CLANG_WARN_INFINITE_RECURSION = YES;
				CLANG_WARN_INT_CONVERSION = YES;
				CLANG_WARN_NON_LITERAL_NULL_CONVERSION = YES;
				CLANG_WARN_OBJC_IMPLICIT_RETAIN_SELF = YES;
				CLANG_WARN_OBJC_LITERAL_CONVERSION = YES;
				CLANG_WARN_OBJC_ROOT_CLASS = YES_ERROR;
				CLANG_WARN_QUOTED_INCLUDE_IN_FRAMEWORK_HEADER = YES;
				CLANG_WARN_RANGE_LOOP_ANALYSIS = YES;
				CLANG_WARN_STRICT_PROTOTYPES = YES;
				CLANG_WARN_SUSPICIOUS_MOVE = YES;
				CLANG_WARN_UNGUARDED_AVAILABILITY = YES_AGGRESSIVE;
				CLANG_WARN_UNREACHABLE_CODE = YES;
				CLANG_WARN__DUPLICATE_METHOD_MATCH = YES;
				COPY_PHASE_STRIP = NO;
				DEBUG_INFORMATION_FORMAT = dwarf;
				ENABLE_STRICT_OBJC_MSGSEND = YES;
				ENABLE_TESTABILITY = YES;
				GCC_C_LANGUAGE_STANDARD = gnu11;
				GCC_DYNAMIC_NO_PIC = NO;
				GCC_NO_COMMON_BLOCKS = YES;
				GCC_OPTIMIZATION_LEVEL = 0;
				GCC_PREPROCESSOR_DEFINITIONS = (
					"DEBUG=1",
					"$(inherited)",
				);
				GCC_WARN_64_TO_32_BIT_CONVERSION = YES;
				GCC_WARN_ABOUT_RETURN_TYPE = YES_ERROR;
				GCC_WARN_UNDECLARED_SELECTOR = YES;
				GCC_WARN_UNINITIALIZED_AUTOS = YES_AGGRESSIVE;
				GCC_WARN_UNUSED_FUNCTION = YES;
				GCC_WARN_UNUSED_VARIABLE = YES;
				IPHONEOS_DEPLOYMENT_TARGET = 16.0;
				MTL_ENABLE_DEBUG_INFO = INCLUDE_SOURCE;
				MTL_FAST_MATH = YES;
				ONLY_ACTIVE_ARCH = YES;
				SDKROOT = iphoneos;
				SWIFT_ACTIVE_COMPILATION_CONDITIONS = DEBUG;
				SWIFT_OPTIMIZATION_LEVEL = "-Onone";
			};
			name = Debug;
		};
		4515FA5D293F9A1000A44C5E /* Release */ = {
			isa = XCBuildConfiguration;
			buildSettings = {
				ALWAYS_SEARCH_USER_PATHS = NO;
				CLANG_ANALYZER_LOCALIZABILITY_NONLOCALIZED = YES;
				CLANG_ANALYZER_NONNULL = YES;
				CLANG_ANALYZER_NUMBER_OBJECT_CONVERSION = YES_AGGRESSIVE;
				CLANG_CXX_LANGUAGE_STANDARD = "gnu++20";
				CLANG_ENABLE_MODULES = YES;
				CLANG_ENABLE_OBJC_ARC = YES;
				CLANG_ENABLE_OBJC_WEAK = YES;
				CLANG_WARN_BLOCK_CAPTURE_AUTORELEASING = YES;
				CLANG_WARN_BOOL_CONVERSION = YES;
				CLANG_WARN_COMMA = YES;
				CLANG_WARN_CONSTANT_CONVERSION = YES;
				CLANG_WARN_DEPRECATED_OBJC_IMPLEMENTATIONS = YES;
				CLANG_WARN_DIRECT_OBJC_ISA_USAGE = YES_ERROR;
				CLANG_WARN_DOCUMENTATION_COMMENTS = YES;
				CLANG_WARN_EMPTY_BODY = YES;
				CLANG_WARN_ENUM_CONVERSION = YES;
				CLANG_WARN_INFINITE_RECURSION = YES;
				CLANG_WARN_INT_CONVERSION = YES;
				CLANG_WARN_NON_LITERAL_NULL_CONVERSION = YES;
				CLANG_WARN_OBJC_IMPLICIT_RETAIN_SELF = YES;
				CLANG_WARN_OBJC_LITERAL_CONVERSION = YES;
				CLANG_WARN_OBJC_ROOT_CLASS = YES_ERROR;
				CLANG_WARN_QUOTED_INCLUDE_IN_FRAMEWORK_HEADER = YES;
				CLANG_WARN_RANGE_LOOP_ANALYSIS = YES;
				CLANG_WARN_STRICT_PROTOTYPES = YES;
				CLANG_WARN_SUSPICIOUS_MOVE = YES;
				CLANG_WARN_UNGUARDED_AVAILABILITY = YES_AGGRESSIVE;
				CLANG_WARN_UNREACHABLE_CODE = YES;
				CLANG_WARN__DUPLICATE_METHOD_MATCH = YES;
				COPY_PHASE_STRIP = NO;
				DEBUG_INFORMATION_FORMAT = "dwarf-with-dsym";
				ENABLE_NS_ASSERTIONS = NO;
				ENABLE_STRICT_OBJC_MSGSEND = YES;
				GCC_C_LANGUAGE_STANDARD = gnu11;
				GCC_NO_COMMON_BLOCKS = YES;
				GCC_WARN_64_TO_32_BIT_CONVERSION = YES;
				GCC_WARN_ABOUT_RETURN_TYPE = YES_ERROR;
				GCC_WARN_UNDECLARED_SELECTOR = YES;
				GCC_WARN_UNINITIALIZED_AUTOS = YES_AGGRESSIVE;
				GCC_WARN_UNUSED_FUNCTION = YES;
				GCC_WARN_UNUSED_VARIABLE = YES;
				IPHONEOS_DEPLOYMENT_TARGET = 16.0;
				MTL_ENABLE_DEBUG_INFO = NO;
				MTL_FAST_MATH = YES;
				SDKROOT = iphoneos;
				SWIFT_COMPILATION_MODE = wholemodule;
				SWIFT_OPTIMIZATION_LEVEL = "-O";
				VALIDATE_PRODUCT = YES;
			};
			name = Release;
		};
		4515FA5F293F9A1000A44C5E /* Debug */ = {
			isa = XCBuildConfiguration;
			buildSettings = {
				ASSETCATALOG_COMPILER_APPICON_NAME = AppIcon;
				ASSETCATALOG_COMPILER_GLOBAL_ACCENT_COLOR_NAME = AccentColor;
				CODE_SIGN_STYLE = Automatic;
				CURRENT_PROJECT_VERSION = 1;
				DEVELOPMENT_TEAM = 92MNK9H779;
				GENERATE_INFOPLIST_FILE = YES;
				INFOPLIST_FILE = TheWeatherOutside/Info.plist;
				INFOPLIST_KEY_UIApplicationSupportsIndirectInputEvents = YES;
				INFOPLIST_KEY_UILaunchStoryboardName = LaunchScreen;
				INFOPLIST_KEY_UISupportedInterfaceOrientations_iPad = "UIInterfaceOrientationPortrait UIInterfaceOrientationPortraitUpsideDown UIInterfaceOrientationLandscapeLeft UIInterfaceOrientationLandscapeRight";
				INFOPLIST_KEY_UISupportedInterfaceOrientations_iPhone = "UIInterfaceOrientationPortrait UIInterfaceOrientationLandscapeLeft UIInterfaceOrientationLandscapeRight";
				IPHONEOS_DEPLOYMENT_TARGET = 16.0;
				LD_RUNPATH_SEARCH_PATHS = (
					"$(inherited)",
					"@executable_path/Frameworks",
				);
				MARKETING_VERSION = 1.0;
				PRODUCT_BUNDLE_IDENTIFIER = MariyaKhutornaya.TheWeatherOutside;
				PRODUCT_NAME = "$(TARGET_NAME)";
				SWIFT_EMIT_LOC_STRINGS = YES;
				SWIFT_VERSION = 5.0;
				TARGETED_DEVICE_FAMILY = "1,2";
			};
			name = Debug;
		};
		4515FA60293F9A1000A44C5E /* Release */ = {
			isa = XCBuildConfiguration;
			buildSettings = {
				ASSETCATALOG_COMPILER_APPICON_NAME = AppIcon;
				ASSETCATALOG_COMPILER_GLOBAL_ACCENT_COLOR_NAME = AccentColor;
				CODE_SIGN_STYLE = Automatic;
				CURRENT_PROJECT_VERSION = 1;
				DEVELOPMENT_TEAM = 92MNK9H779;
				GENERATE_INFOPLIST_FILE = YES;
				INFOPLIST_FILE = TheWeatherOutside/Info.plist;
				INFOPLIST_KEY_UIApplicationSupportsIndirectInputEvents = YES;
				INFOPLIST_KEY_UILaunchStoryboardName = LaunchScreen;
				INFOPLIST_KEY_UISupportedInterfaceOrientations_iPad = "UIInterfaceOrientationPortrait UIInterfaceOrientationPortraitUpsideDown UIInterfaceOrientationLandscapeLeft UIInterfaceOrientationLandscapeRight";
				INFOPLIST_KEY_UISupportedInterfaceOrientations_iPhone = "UIInterfaceOrientationPortrait UIInterfaceOrientationLandscapeLeft UIInterfaceOrientationLandscapeRight";
				IPHONEOS_DEPLOYMENT_TARGET = 16.0;
				LD_RUNPATH_SEARCH_PATHS = (
					"$(inherited)",
					"@executable_path/Frameworks",
				);
				MARKETING_VERSION = 1.0;
				PRODUCT_BUNDLE_IDENTIFIER = MariyaKhutornaya.TheWeatherOutside;
				PRODUCT_NAME = "$(TARGET_NAME)";
				SWIFT_EMIT_LOC_STRINGS = YES;
				SWIFT_VERSION = 5.0;
				TARGETED_DEVICE_FAMILY = "1,2";
			};
			name = Release;
		};
/* End XCBuildConfiguration section */

/* Begin XCConfigurationList section */
		4515FA42293F9A0F00A44C5E /* Build configuration list for PBXProject "WeatherWise" */ = {
			isa = XCConfigurationList;
			buildConfigurations = (
				4515FA5C293F9A1000A44C5E /* Debug */,
				4515FA5D293F9A1000A44C5E /* Release */,
			);
			defaultConfigurationIsVisible = 0;
			defaultConfigurationName = Release;
		};
		4515FA5E293F9A1000A44C5E /* Build configuration list for PBXNativeTarget "WeatherWise" */ = {
			isa = XCConfigurationList;
			buildConfigurations = (
				4515FA5F293F9A1000A44C5E /* Debug */,
				4515FA60293F9A1000A44C5E /* Release */,
			);
			defaultConfigurationIsVisible = 0;
			defaultConfigurationName = Release;
		};
/* End XCConfigurationList section */

/* Begin XCRemoteSwiftPackageReference section */
		4C01C8E2297486E7001D42C1 /* XCRemoteSwiftPackageReference "SnapKit" */ = {
			isa = XCRemoteSwiftPackageReference;
			repositoryURL = "https://github.com/SnapKit/SnapKit";
			requirement = {
				kind = upToNextMajorVersion;
				minimumVersion = 5.0.0;
			};
		};
		4CF2AD7C295F375A003DC0F3 /* XCRemoteSwiftPackageReference "Alamofire" */ = {
			isa = XCRemoteSwiftPackageReference;
			repositoryURL = "https://github.com/Alamofire/Alamofire.git";
			requirement = {
				kind = upToNextMajorVersion;
				minimumVersion = 5.6.1;
			};
		};
/* End XCRemoteSwiftPackageReference section */

/* Begin XCSwiftPackageProductDependency section */
		4C01C8E3297486E7001D42C1 /* SnapKit */ = {
			isa = XCSwiftPackageProductDependency;
			package = 4C01C8E2297486E7001D42C1 /* XCRemoteSwiftPackageReference "SnapKit" */;
			productName = SnapKit;
		};
		4CF2AD7D295F375A003DC0F3 /* Alamofire */ = {
			isa = XCSwiftPackageProductDependency;
			package = 4CF2AD7C295F375A003DC0F3 /* XCRemoteSwiftPackageReference "Alamofire" */;
			productName = Alamofire;
		};
/* End XCSwiftPackageProductDependency section */

/* Begin XCVersionGroup section */
		4515FA53293F9A0F00A44C5E /* TheWeatherOutside.xcdatamodeld */ = {
			isa = XCVersionGroup;
			children = (
				4515FA54293F9A0F00A44C5E /* TheWeatherOutside.xcdatamodel */,
			);
			currentVersion = 4515FA54293F9A0F00A44C5E /* TheWeatherOutside.xcdatamodel */;
			path = TheWeatherOutside.xcdatamodeld;
			sourceTree = "<group>";
			versionGroupType = wrapper.xcdatamodel;
		};
/* End XCVersionGroup section */
	};
	rootObject = 4515FA3F293F9A0F00A44C5E /* Project object */;
}
